// !$*UTF8*$!
{
	archiveVersion = 1;
	classes = {
	};
	objectVersion = 46;
	objects = {

/* Begin PBXBuildFile section */
		99DCD8C41E8396DE0092B064 /* AppDelegate.swift in Sources */ = {isa = PBXBuildFile; fileRef = 99DCD8C31E8396DE0092B064 /* AppDelegate.swift */; };
		99DCD8CB1E8396DE0092B064 /* Assets.xcassets in Resources */ = {isa = PBXBuildFile; fileRef = 99DCD8CA1E8396DE0092B064 /* Assets.xcassets */; };
		99DCD8CE1E8396DE0092B064 /* LaunchScreen.storyboard in Resources */ = {isa = PBXBuildFile; fileRef = 99DCD8CC1E8396DE0092B064 /* LaunchScreen.storyboard */; };
		99DCD8DA1E839B760092B064 /* config.swift in Sources */ = {isa = PBXBuildFile; fileRef = 99DCD8D91E839B760092B064 /* config.swift */; };
		99DCD8E11E839C370092B064 /* rankViewController.swift in Sources */ = {isa = PBXBuildFile; fileRef = 99DCD8E01E839C370092B064 /* rankViewController.swift */; };
		99DCD8E31E839C450092B064 /* searchViewController.swift in Sources */ = {isa = PBXBuildFile; fileRef = 99DCD8E21E839C450092B064 /* searchViewController.swift */; };
		99DCD8E51E839C580092B064 /* pushViewController.swift in Sources */ = {isa = PBXBuildFile; fileRef = 99DCD8E41E839C580092B064 /* pushViewController.swift */; };
		99DCD8E71E839C650092B064 /* circleViewController.swift in Sources */ = {isa = PBXBuildFile; fileRef = 99DCD8E61E839C650092B064 /* circleViewController.swift */; };
		99DCD8E91E839C6A0092B064 /* moreViewController.swift in Sources */ = {isa = PBXBuildFile; fileRef = 99DCD8E81E839C6A0092B064 /* moreViewController.swift */; };
		DABCFE9E0C6B0FD51B20D991 /* libPods-GoodBook.a in Frameworks */ = {isa = PBXBuildFile; fileRef = 9E800CB1233CF18CE371F096 /* libPods-GoodBook.a */; };
/* End PBXBuildFile section */

/* Begin PBXFileReference section */
		18011512484ED08BF14135CD /* Pods-GoodBook.release.xcconfig */ = {isa = PBXFileReference; includeInIndex = 1; lastKnownFileType = text.xcconfig; name = "Pods-GoodBook.release.xcconfig"; path = "Pods/Target Support Files/Pods-GoodBook/Pods-GoodBook.release.xcconfig"; sourceTree = "<group>"; };
		3C7D6132D226C5C1497DC6AC /* Pods-GoodBook.debug.xcconfig */ = {isa = PBXFileReference; includeInIndex = 1; lastKnownFileType = text.xcconfig; name = "Pods-GoodBook.debug.xcconfig"; path = "Pods/Target Support Files/Pods-GoodBook/Pods-GoodBook.debug.xcconfig"; sourceTree = "<group>"; };
		99DCD8C01E8396DE0092B064 /* GoodBook.app */ = {isa = PBXFileReference; explicitFileType = wrapper.application; includeInIndex = 0; path = GoodBook.app; sourceTree = BUILT_PRODUCTS_DIR; };
		99DCD8C31E8396DE0092B064 /* AppDelegate.swift */ = {isa = PBXFileReference; lastKnownFileType = sourcecode.swift; path = AppDelegate.swift; sourceTree = "<group>"; };
		99DCD8CA1E8396DE0092B064 /* Assets.xcassets */ = {isa = PBXFileReference; lastKnownFileType = folder.assetcatalog; path = Assets.xcassets; sourceTree = "<group>"; };
		99DCD8CD1E8396DE0092B064 /* Base */ = {isa = PBXFileReference; lastKnownFileType = file.storyboard; name = Base; path = Base.lproj/LaunchScreen.storyboard; sourceTree = "<group>"; };
		99DCD8CF1E8396DE0092B064 /* Info.plist */ = {isa = PBXFileReference; lastKnownFileType = text.plist.xml; path = Info.plist; sourceTree = "<group>"; };
		99DCD8D71E839AB10092B064 /* bridging.h */ = {isa = PBXFileReference; fileEncoding = 4; lastKnownFileType = sourcecode.c.h; path = bridging.h; sourceTree = "<group>"; };
		99DCD8D91E839B760092B064 /* config.swift */ = {isa = PBXFileReference; fileEncoding = 4; lastKnownFileType = sourcecode.swift; path = config.swift; sourceTree = "<group>"; };
		99DCD8E01E839C370092B064 /* rankViewController.swift */ = {isa = PBXFileReference; fileEncoding = 4; lastKnownFileType = sourcecode.swift; path = rankViewController.swift; sourceTree = "<group>"; };
		99DCD8E21E839C450092B064 /* searchViewController.swift */ = {isa = PBXFileReference; fileEncoding = 4; lastKnownFileType = sourcecode.swift; path = searchViewController.swift; sourceTree = "<group>"; };
		99DCD8E41E839C580092B064 /* pushViewController.swift */ = {isa = PBXFileReference; fileEncoding = 4; lastKnownFileType = sourcecode.swift; path = pushViewController.swift; sourceTree = "<group>"; };
		99DCD8E61E839C650092B064 /* circleViewController.swift */ = {isa = PBXFileReference; fileEncoding = 4; lastKnownFileType = sourcecode.swift; path = circleViewController.swift; sourceTree = "<group>"; };
		99DCD8E81E839C6A0092B064 /* moreViewController.swift */ = {isa = PBXFileReference; fileEncoding = 4; lastKnownFileType = sourcecode.swift; path = moreViewController.swift; sourceTree = "<group>"; };
		9E800CB1233CF18CE371F096 /* libPods-GoodBook.a */ = {isa = PBXFileReference; explicitFileType = archive.ar; includeInIndex = 0; path = "libPods-GoodBook.a"; sourceTree = BUILT_PRODUCTS_DIR; };
/* End PBXFileReference section */

/* Begin PBXFrameworksBuildPhase section */
		99DCD8BD1E8396DE0092B064 /* Frameworks */ = {
			isa = PBXFrameworksBuildPhase;
			buildActionMask = 2147483647;
			files = (
				DABCFE9E0C6B0FD51B20D991 /* libPods-GoodBook.a in Frameworks */,
			);
			runOnlyForDeploymentPostprocessing = 0;
		};
/* End PBXFrameworksBuildPhase section */

/* Begin PBXGroup section */
		8F326BB8DDA0D0B5FED6904D /* Pods */ = {
			isa = PBXGroup;
			children = (
				3C7D6132D226C5C1497DC6AC /* Pods-GoodBook.debug.xcconfig */,
				18011512484ED08BF14135CD /* Pods-GoodBook.release.xcconfig */,
			);
			name = Pods;
			sourceTree = "<group>";
		};
		99DCD8B71E8396DE0092B064 = {
			isa = PBXGroup;
			children = (
				99DCD8D51E839A4A0092B064 /* frameWork */,
				99DCD8C21E8396DE0092B064 /* GoodBook */,
				99DCD8C11E8396DE0092B064 /* Products */,
				8F326BB8DDA0D0B5FED6904D /* Pods */,
				F226D09BD849D79A1500007A /* Frameworks */,
			);
			sourceTree = "<group>";
		};
		99DCD8C11E8396DE0092B064 /* Products */ = {
			isa = PBXGroup;
			children = (
				99DCD8C01E8396DE0092B064 /* GoodBook.app */,
			);
			name = Products;
			sourceTree = "<group>";
		};
		99DCD8C21E8396DE0092B064 /* GoodBook */ = {
			isa = PBXGroup;
			children = (
				99DCD8DF1E839C200092B064 /* more */,
				99DCD8DE1E839C140092B064 /* circle */,
				99DCD8DD1E839C0D0092B064 /* push */,
				99DCD8DC1E839C090092B064 /* search */,
				99DCD8DB1E839C030092B064 /* rank */,
				99DCD8C31E8396DE0092B064 /* AppDelegate.swift */,
				99DCD8CA1E8396DE0092B064 /* Assets.xcassets */,
				99DCD8CC1E8396DE0092B064 /* LaunchScreen.storyboard */,
				99DCD8CF1E8396DE0092B064 /* Info.plist */,
				99DCD8D71E839AB10092B064 /* bridging.h */,
				99DCD8D91E839B760092B064 /* config.swift */,
			);
			path = GoodBook;
			sourceTree = "<group>";
		};
		99DCD8D51E839A4A0092B064 /* frameWork */ = {
			isa = PBXGroup;
			children = (
			);
			name = frameWork;
			sourceTree = "<group>";
		};
		99DCD8DB1E839C030092B064 /* rank */ = {
			isa = PBXGroup;
			children = (
				99DCD8E01E839C370092B064 /* rankViewController.swift */,
			);
			name = rank;
			sourceTree = "<group>";
		};
		99DCD8DC1E839C090092B064 /* search */ = {
			isa = PBXGroup;
			children = (
				99DCD8E21E839C450092B064 /* searchViewController.swift */,
			);
			name = search;
			sourceTree = "<group>";
		};
		99DCD8DD1E839C0D0092B064 /* push */ = {
			isa = PBXGroup;
			children = (
				99DCD8E41E839C580092B064 /* pushViewController.swift */,
			);
			name = push;
			sourceTree = "<group>";
		};
		99DCD8DE1E839C140092B064 /* circle */ = {
			isa = PBXGroup;
			children = (
				99DCD8E61E839C650092B064 /* circleViewController.swift */,
			);
			name = circle;
			sourceTree = "<group>";
		};
		99DCD8DF1E839C200092B064 /* more */ = {
			isa = PBXGroup;
			children = (
				99DCD8E81E839C6A0092B064 /* moreViewController.swift */,
			);
			name = more;
			sourceTree = "<group>";
		};
		F226D09BD849D79A1500007A /* Frameworks */ = {
			isa = PBXGroup;
			children = (
				9E800CB1233CF18CE371F096 /* libPods-GoodBook.a */,
			);
			name = Frameworks;
			sourceTree = "<group>";
		};
/* End PBXGroup section */

/* Begin PBXNativeTarget section */
		99DCD8BF1E8396DE0092B064 /* GoodBook */ = {
			isa = PBXNativeTarget;
			buildConfigurationList = 99DCD8D21E8396DE0092B064 /* Build configuration list for PBXNativeTarget "GoodBook" */;
			buildPhases = (
				EB48D34AA3D512F6A9476B17 /* [CP] Check Pods Manifest.lock */,
				99DCD8BC1E8396DE0092B064 /* Sources */,
				99DCD8BD1E8396DE0092B064 /* Frameworks */,
				99DCD8BE1E8396DE0092B064 /* Resources */,
				F860C68106B2CAEC5BBAF4CB /* [CP] Embed Pods Frameworks */,
				0CE1EAA411ACCFDAED26F4C9 /* [CP] Copy Pods Resources */,
			);
			buildRules = (
			);
			dependencies = (
			);
			name = GoodBook;
			productName = GoodBook;
			productReference = 99DCD8C01E8396DE0092B064 /* GoodBook.app */;
			productType = "com.apple.product-type.application";
		};
/* End PBXNativeTarget section */

/* Begin PBXProject section */
		99DCD8B81E8396DE0092B064 /* Project object */ = {
			isa = PBXProject;
			attributes = {
				LastSwiftUpdateCheck = 0820;
				LastUpgradeCheck = 0820;
				ORGANIZATIONNAME = zhanghaiyong;
				TargetAttributes = {
					99DCD8BF1E8396DE0092B064 = {
						CreatedOnToolsVersion = 8.2.1;
						DevelopmentTeam = AKEZGLTY8R;
						ProvisioningStyle = Automatic;
					};
				};
			};
			buildConfigurationList = 99DCD8BB1E8396DE0092B064 /* Build configuration list for PBXProject "GoodBook" */;
			compatibilityVersion = "Xcode 3.2";
			developmentRegion = English;
			hasScannedForEncodings = 0;
			knownRegions = (
				en,
				Base,
			);
			mainGroup = 99DCD8B71E8396DE0092B064;
			productRefGroup = 99DCD8C11E8396DE0092B064 /* Products */;
			projectDirPath = "";
			projectRoot = "";
			targets = (
				99DCD8BF1E8396DE0092B064 /* GoodBook */,
			);
		};
/* End PBXProject section */

/* Begin PBXResourcesBuildPhase section */
		99DCD8BE1E8396DE0092B064 /* Resources */ = {
			isa = PBXResourcesBuildPhase;
			buildActionMask = 2147483647;
			files = (
				99DCD8CE1E8396DE0092B064 /* LaunchScreen.storyboard in Resources */,
				99DCD8CB1E8396DE0092B064 /* Assets.xcassets in Resources */,
			);
			runOnlyForDeploymentPostprocessing = 0;
		};
/* End PBXResourcesBuildPhase section */

/* Begin PBXShellScriptBuildPhase section */
		0CE1EAA411ACCFDAED26F4C9 /* [CP] Copy Pods Resources */ = {
			isa = PBXShellScriptBuildPhase;
			buildActionMask = 2147483647;
			files = (
			);
			inputPaths = (
			);
			name = "[CP] Copy Pods Resources";
			outputPaths = (
			);
			runOnlyForDeploymentPostprocessing = 0;
			shellPath = /bin/sh;
			shellScript = "\"${SRCROOT}/Pods/Target Support Files/Pods-GoodBook/Pods-GoodBook-resources.sh\"\n";
			showEnvVarsInLog = 0;
		};
		EB48D34AA3D512F6A9476B17 /* [CP] Check Pods Manifest.lock */ = {
			isa = PBXShellScriptBuildPhase;
			buildActionMask = 2147483647;
			files = (
			);
			inputPaths = (
			);
			name = "[CP] Check Pods Manifest.lock";
			outputPaths = (
			);
			runOnlyForDeploymentPostprocessing = 0;
			shellPath = /bin/sh;
			shellScript = "diff \"${PODS_ROOT}/../Podfile.lock\" \"${PODS_ROOT}/Manifest.lock\" > /dev/null\nif [ $? != 0 ] ; then\n    # print error to STDERR\n    echo \"error: The sandbox is not in sync with the Podfile.lock. Run 'pod install' or update your CocoaPods installation.\" >&2\n    exit 1\nfi\n";
			showEnvVarsInLog = 0;
		};
		F860C68106B2CAEC5BBAF4CB /* [CP] Embed Pods Frameworks */ = {
			isa = PBXShellScriptBuildPhase;
			buildActionMask = 2147483647;
			files = (
			);
			inputPaths = (
			);
			name = "[CP] Embed Pods Frameworks";
			outputPaths = (
			);
			runOnlyForDeploymentPostprocessing = 0;
			shellPath = /bin/sh;
			shellScript = "\"${SRCROOT}/Pods/Target Support Files/Pods-GoodBook/Pods-GoodBook-frameworks.sh\"\n";
			showEnvVarsInLog = 0;
		};
/* End PBXShellScriptBuildPhase section */

/* Begin PBXSourcesBuildPhase section */
		99DCD8BC1E8396DE0092B064 /* Sources */ = {
			isa = PBXSourcesBuildPhase;
			buildActionMask = 2147483647;
			files = (
				99DCD8DA1E839B760092B064 /* config.swift in Sources */,
				99DCD8E31E839C450092B064 /* searchViewController.swift in Sources */,
				99DCD8E11E839C370092B064 /* rankViewController.swift in Sources */,
				99DCD8E51E839C580092B064 /* pushViewController.swift in Sources */,
				99DCD8E91E839C6A0092B064 /* moreViewController.swift in Sources */,
				99DCD8C41E8396DE0092B064 /* AppDelegate.swift in Sources */,
				99DCD8E71E839C650092B064 /* circleViewController.swift in Sources */,
			);
			runOnlyForDeploymentPostprocessing = 0;
		};
/* End PBXSourcesBuildPhase section */

/* Begin PBXVariantGroup section */
		99DCD8CC1E8396DE0092B064 /* LaunchScreen.storyboard */ = {
			isa = PBXVariantGroup;
			children = (
				99DCD8CD1E8396DE0092B064 /* Base */,
			);
			name = LaunchScreen.storyboard;
			sourceTree = "<group>";
		};
/* End PBXVariantGroup section */

/* Begin XCBuildConfiguration section */
		99DCD8D01E8396DE0092B064 /* Debug */ = {
			isa = XCBuildConfiguration;
			buildSettings = {
				ALWAYS_SEARCH_USER_PATHS = NO;
				CLANG_ANALYZER_NONNULL = YES;
				CLANG_CXX_LANGUAGE_STANDARD = "gnu++0x";
				CLANG_CXX_LIBRARY = "libc++";
				CLANG_ENABLE_MODULES = YES;
				CLANG_ENABLE_OBJC_ARC = YES;
				CLANG_WARN_BOOL_CONVERSION = YES;
				CLANG_WARN_CONSTANT_CONVERSION = YES;
				CLANG_WARN_DIRECT_OBJC_ISA_USAGE = YES_ERROR;
				CLANG_WARN_DOCUMENTATION_COMMENTS = YES;
				CLANG_WARN_EMPTY_BODY = YES;
				CLANG_WARN_ENUM_CONVERSION = YES;
				CLANG_WARN_INFINITE_RECURSION = YES;
				CLANG_WARN_INT_CONVERSION = YES;
				CLANG_WARN_OBJC_ROOT_CLASS = YES_ERROR;
				CLANG_WARN_SUSPICIOUS_MOVE = YES;
				CLANG_WARN_UNREACHABLE_CODE = YES;
				CLANG_WARN__DUPLICATE_METHOD_MATCH = YES;
				"CODE_SIGN_IDENTITY[sdk=iphoneos*]" = "iPhone Developer";
				COPY_PHASE_STRIP = NO;
				DEBUG_INFORMATION_FORMAT = dwarf;
				ENABLE_STRICT_OBJC_MSGSEND = YES;
				ENABLE_TESTABILITY = YES;
				GCC_C_LANGUAGE_STANDARD = gnu99;
				GCC_DYNAMIC_NO_PIC = NO;
				GCC_NO_COMMON_BLOCKS = YES;
				GCC_OPTIMIZATION_LEVEL = 0;
				GCC_PREPROCESSOR_DEFINITIONS = (
					"DEBUG=1",
					"$(inherited)",
				);
				GCC_WARN_64_TO_32_BIT_CONVERSION = YES;
				GCC_WARN_ABOUT_RETURN_TYPE = YES_ERROR;
				GCC_WARN_UNDECLARED_SELECTOR = YES;
				GCC_WARN_UNINITIALIZED_AUTOS = YES_AGGRESSIVE;
				GCC_WARN_UNUSED_FUNCTION = YES;
				GCC_WARN_UNUSED_VARIABLE = YES;
				IPHONEOS_DEPLOYMENT_TARGET = 9.0;
				MTL_ENABLE_DEBUG_INFO = YES;
				ONLY_ACTIVE_ARCH = YES;
				SDKROOT = iphoneos;
				SWIFT_ACTIVE_COMPILATION_CONDITIONS = DEBUG;
				SWIFT_OPTIMIZATION_LEVEL = "-Onone";
			};
			name = Debug;
		};
		99DCD8D11E8396DE0092B064 /* Release */ = {
			isa = XCBuildConfiguration;
			buildSettings = {
				ALWAYS_SEARCH_USER_PATHS = NO;
				CLANG_ANALYZER_NONNULL = YES;
				CLANG_CXX_LANGUAGE_STANDARD = "gnu++0x";
				CLANG_CXX_LIBRARY = "libc++";
				CLANG_ENABLE_MODULES = YES;
				CLANG_ENABLE_OBJC_ARC = YES;
				CLANG_WARN_BOOL_CONVERSION = YES;
				CLANG_WARN_CONSTANT_CONVERSION = YES;
				CLANG_WARN_DIRECT_OBJC_ISA_USAGE = YES_ERROR;
				CLANG_WARN_DOCUMENTATION_COMMENTS = YES;
				CLANG_WARN_EMPTY_BODY = YES;
				CLANG_WARN_ENUM_CONVERSION = YES;
				CLANG_WARN_INFINITE_RECURSION = YES;
				CLANG_WARN_INT_CONVERSION = YES;
				CLANG_WARN_OBJC_ROOT_CLASS = YES_ERROR;
				CLANG_WARN_SUSPICIOUS_MOVE = YES;
				CLANG_WARN_UNREACHABLE_CODE = YES;
				CLANG_WARN__DUPLICATE_METHOD_MATCH = YES;
				"CODE_SIGN_IDENTITY[sdk=iphoneos*]" = "iPhone Developer";
				COPY_PHASE_STRIP = NO;
				DEBUG_INFORMATION_FORMAT = "dwarf-with-dsym";
				ENABLE_NS_ASSERTIONS = NO;
				ENABLE_STRICT_OBJC_MSGSEND = YES;
				GCC_C_LANGUAGE_STANDARD = gnu99;
				GCC_NO_COMMON_BLOCKS = YES;
				GCC_WARN_64_TO_32_BIT_CONVERSION = YES;
				GCC_WARN_ABOUT_RETURN_TYPE = YES_ERROR;
				GCC_WARN_UNDECLARED_SELECTOR = YES;
				GCC_WARN_UNINITIALIZED_AUTOS = YES_AGGRESSIVE;
				GCC_WARN_UNUSED_FUNCTION = YES;
				GCC_WARN_UNUSED_VARIABLE = YES;
				IPHONEOS_DEPLOYMENT_TARGET = 9.0;
				MTL_ENABLE_DEBUG_INFO = NO;
				SDKROOT = iphoneos;
				SWIFT_OPTIMIZATION_LEVEL = "-Owholemodule";
				VALIDATE_PRODUCT = YES;
			};
			name = Release;
		};
		99DCD8D31E8396DE0092B064 /* Debug */ = {
			isa = XCBuildConfiguration;
			baseConfigurationReference = 3C7D6132D226C5C1497DC6AC /* Pods-GoodBook.debug.xcconfig */;
			buildSettings = {
				ASSETCATALOG_COMPILER_APPICON_NAME = AppIcon;
				DEVELOPMENT_TEAM = AKEZGLTY8R;
				INFOPLIST_FILE = GoodBook/Info.plist;
				IPHONEOS_DEPLOYMENT_TARGET = 9.1;
				LD_RUNPATH_SEARCH_PATHS = "$(inherited) @executable_path/Frameworks";
				PRODUCT_BUNDLE_IDENTIFIER = com.zhanghaiyong.GoodBook;
				PRODUCT_NAME = "$(TARGET_NAME)";
				SWIFT_OBJC_BRIDGING_HEADER = GoodBook/bridging.h;
				SWIFT_VERSION = 3.0;
			};
			name = Debug;
		};
		99DCD8D41E8396DE0092B064 /* Release */ = {
			isa = XCBuildConfiguration;
			baseConfigurationReference = 18011512484ED08BF14135CD /* Pods-GoodBook.release.xcconfig */;
			buildSettings = {
				ASSETCATALOG_COMPILER_APPICON_NAME = AppIcon;
				DEVELOPMENT_TEAM = AKEZGLTY8R;
				INFOPLIST_FILE = GoodBook/Info.plist;
				IPHONEOS_DEPLOYMENT_TARGET = 9.1;
				LD_RUNPATH_SEARCH_PATHS = "$(inherited) @executable_path/Frameworks";
				PRODUCT_BUNDLE_IDENTIFIER = com.zhanghaiyong.GoodBook;
				PRODUCT_NAME = "$(TARGET_NAME)";
				SWIFT_OBJC_BRIDGING_HEADER = GoodBook/bridging.h;
				SWIFT_VERSION = 3.0;
			};
			name = Release;
		};
/* End XCBuildConfiguration section */

/* Begin XCConfigurationList section */
		99DCD8BB1E8396DE0092B064 /* Build configuration list for PBXProject "GoodBook" */ = {
			isa = XCConfigurationList;
			buildConfigurations = (
				99DCD8D01E8396DE0092B064 /* Debug */,
				99DCD8D11E8396DE0092B064 /* Release */,
			);
			defaultConfigurationIsVisible = 0;
			defaultConfigurationName = Release;
		};
		99DCD8D21E8396DE0092B064 /* Build configuration list for PBXNativeTarget "GoodBook" */ = {
			isa = XCConfigurationList;
			buildConfigurations = (
				99DCD8D31E8396DE0092B064 /* Debug */,
				99DCD8D41E8396DE0092B064 /* Release */,
			);
			defaultConfigurationIsVisible = 0;
			defaultConfigurationName = Release;
		};
/* End XCConfigurationList section */
	};
	rootObject = 99DCD8B81E8396DE0092B064 /* Project object */;
}
