// !$*UTF8*$!
{
	archiveVersion = 1;
	classes = {
	};
	objectVersion = 46;
	objects = {

/* Begin PBXBuildFile section */
		99409E6A1E8E40D8008E694A /* BookDetailView2.swift in Sources */ = {isa = PBXBuildFile; fileRef = 99409E691E8E40D8008E694A /* BookDetailView2.swift */; };
		99409E6C1E8E40E0008E694A /* BookDetailView2.xib in Resources */ = {isa = PBXBuildFile; fileRef = 99409E6B1E8E40E0008E694A /* BookDetailView2.xib */; };
		997077B81E960E4400BBB11F /* InputView.m in Sources */ = {isa = PBXBuildFile; fileRef = 997077B71E960E4400BBB11F /* InputView.m */; };
		997077BA1E960E4D00BBB11F /* InputView.xib in Resources */ = {isa = PBXBuildFile; fileRef = 997077B91E960E4D00BBB11F /* InputView.xib */; };
		997077BD1E960F5A00BBB11F /* UIViewExt.m in Sources */ = {isa = PBXBuildFile; fileRef = 997077BC1E960F5A00BBB11F /* UIViewExt.m */; };
		998060B41E972943003E377C /* CommentViewController.swift in Sources */ = {isa = PBXBuildFile; fileRef = 998060B21E972943003E377C /* CommentViewController.swift */; };
		998060B51E972943003E377C /* CommentViewController.xib in Resources */ = {isa = PBXBuildFile; fileRef = 998060B31E972943003E377C /* CommentViewController.xib */; };
		998060B81E972BC8003E377C /* CommentCell.swift in Sources */ = {isa = PBXBuildFile; fileRef = 998060B61E972BC8003E377C /* CommentCell.swift */; };
		998060B91E972BC8003E377C /* CommentCell.xib in Resources */ = {isa = PBXBuildFile; fileRef = 998060B71E972BC8003E377C /* CommentCell.xib */; };
		99842D821E8CF19200935DCC /* BookDetailController.swift in Sources */ = {isa = PBXBuildFile; fileRef = 99842D811E8CF19200935DCC /* BookDetailController.swift */; };
		9987FA321E8A746400E7DA87 /* btn_star_evaluation_normal.png in Resources */ = {isa = PBXBuildFile; fileRef = 9987FA2E1E8A746400E7DA87 /* btn_star_evaluation_normal.png */; };
		9987FA331E8A746400E7DA87 /* btn_star_evaluation_press.png in Resources */ = {isa = PBXBuildFile; fileRef = 9987FA2F1E8A746400E7DA87 /* btn_star_evaluation_press.png */; };
		9987FA341E8A746400E7DA87 /* LDXScore.m in Sources */ = {isa = PBXBuildFile; fileRef = 9987FA311E8A746400E7DA87 /* LDXScore.m */; };
		9987FA491E8A831E00E7DA87 /* AKSegmentedControl.m in Sources */ = {isa = PBXBuildFile; fileRef = 9987FA371E8A831E00E7DA87 /* AKSegmentedControl.m */; };
		9987FA4A1E8A831E00E7DA87 /* segmented-bg-pressed-center.png in Resources */ = {isa = PBXBuildFile; fileRef = 9987FA391E8A831E00E7DA87 /* segmented-bg-pressed-center.png */; };
		9987FA4B1E8A831E00E7DA87 /* segmented-bg-pressed-center@2x.png in Resources */ = {isa = PBXBuildFile; fileRef = 9987FA3A1E8A831E00E7DA87 /* segmented-bg-pressed-center@2x.png */; };
		9987FA4C1E8A831E00E7DA87 /* segmented-bg-pressed-left.png in Resources */ = {isa = PBXBuildFile; fileRef = 9987FA3B1E8A831E00E7DA87 /* segmented-bg-pressed-left.png */; };
		9987FA4D1E8A831E00E7DA87 /* segmented-bg-pressed-left@2x.png in Resources */ = {isa = PBXBuildFile; fileRef = 9987FA3C1E8A831E00E7DA87 /* segmented-bg-pressed-left@2x.png */; };
		9987FA4E1E8A831E00E7DA87 /* segmented-bg-pressed-right.png in Resources */ = {isa = PBXBuildFile; fileRef = 9987FA3D1E8A831E00E7DA87 /* segmented-bg-pressed-right.png */; };
		9987FA4F1E8A831E00E7DA87 /* segmented-bg-pressed-right@2x.png in Resources */ = {isa = PBXBuildFile; fileRef = 9987FA3E1E8A831E00E7DA87 /* segmented-bg-pressed-right@2x.png */; };
		9987FA501E8A831E00E7DA87 /* segmented-bg.png in Resources */ = {isa = PBXBuildFile; fileRef = 9987FA3F1E8A831E00E7DA87 /* segmented-bg.png */; };
		9987FA511E8A831E00E7DA87 /* segmented-bg@2x.png in Resources */ = {isa = PBXBuildFile; fileRef = 9987FA401E8A831E00E7DA87 /* segmented-bg@2x.png */; };
		9987FA521E8A831E00E7DA87 /* segmented-separator.png in Resources */ = {isa = PBXBuildFile; fileRef = 9987FA411E8A831E00E7DA87 /* segmented-separator.png */; };
		9987FA531E8A831E00E7DA87 /* segmented-separator@2x.png in Resources */ = {isa = PBXBuildFile; fileRef = 9987FA421E8A831E00E7DA87 /* segmented-separator@2x.png */; };
		9987FA541E8A831E00E7DA87 /* settings-icon.png in Resources */ = {isa = PBXBuildFile; fileRef = 9987FA431E8A831E00E7DA87 /* settings-icon.png */; };
		9987FA551E8A831E00E7DA87 /* settings-icon@2x.png in Resources */ = {isa = PBXBuildFile; fileRef = 9987FA441E8A831E00E7DA87 /* settings-icon@2x.png */; };
		9987FA561E8A831E00E7DA87 /* social-icon.png in Resources */ = {isa = PBXBuildFile; fileRef = 9987FA451E8A831E00E7DA87 /* social-icon.png */; };
		9987FA571E8A831E00E7DA87 /* social-icon@2x.png in Resources */ = {isa = PBXBuildFile; fileRef = 9987FA461E8A831E00E7DA87 /* social-icon@2x.png */; };
		9987FA581E8A831E00E7DA87 /* star-icon.png in Resources */ = {isa = PBXBuildFile; fileRef = 9987FA471E8A831E00E7DA87 /* star-icon.png */; };
		9987FA591E8A831E00E7DA87 /* star-icon@2x.png in Resources */ = {isa = PBXBuildFile; fileRef = 9987FA481E8A831E00E7DA87 /* star-icon@2x.png */; };
		9998B5DD1E8CE3DC00DB1D97 /* PushBook_Cell.swift in Sources */ = {isa = PBXBuildFile; fileRef = 9998B5DC1E8CE3DC00DB1D97 /* PushBook_Cell.swift */; };
		999E4CC01E8B473E005A62A9 /* IGLDropDownItem.m in Sources */ = {isa = PBXBuildFile; fileRef = 999E4CBD1E8B473E005A62A9 /* IGLDropDownItem.m */; };
		999E4CC11E8B473E005A62A9 /* IGLDropDownMenu.m in Sources */ = {isa = PBXBuildFile; fileRef = 999E4CBF1E8B473E005A62A9 /* IGLDropDownMenu.m */; };
		999E4CC71E8B86A9005A62A9 /* PushBook.swift in Sources */ = {isa = PBXBuildFile; fileRef = 999E4CC61E8B86A9005A62A9 /* PushBook.swift */; };
		999E4CCC1E8B8D16005A62A9 /* ProgressHUD.bundle in Resources */ = {isa = PBXBuildFile; fileRef = 999E4CC91E8B8D16005A62A9 /* ProgressHUD.bundle */; };
		999E4CCD1E8B8D16005A62A9 /* ProgressHUD.m in Sources */ = {isa = PBXBuildFile; fileRef = 999E4CCB1E8B8D16005A62A9 /* ProgressHUD.m */; };
		99B94C031E8BAFAD00CA166C /* BaseViewController.swift in Sources */ = {isa = PBXBuildFile; fileRef = 99B94C021E8BAFAD00CA166C /* BaseViewController.swift */; };
		99B94C061E8BC68100CA166C /* Login.storyboard in Resources */ = {isa = PBXBuildFile; fileRef = 99B94C051E8BC68100CA166C /* Login.storyboard */; };
		99B94C081E8BE37000CA166C /* LoginViewController.swift in Sources */ = {isa = PBXBuildFile; fileRef = 99B94C071E8BE37000CA166C /* LoginViewController.swift */; };
		99B94C0A1E8BE37A00CA166C /* RegisterViewController.swift in Sources */ = {isa = PBXBuildFile; fileRef = 99B94C091E8BE37A00CA166C /* RegisterViewController.swift */; };
		99B95E441E85115D002B2AC3 /* VPImageCropperViewController.m in Sources */ = {isa = PBXBuildFile; fileRef = 99B95E431E85115D002B2AC3 /* VPImageCropperViewController.m */; };
		99B95E461E851D53002B2AC3 /* Push_TitleController.swift in Sources */ = {isa = PBXBuildFile; fileRef = 99B95E451E851D53002B2AC3 /* Push_TitleController.swift */; };
		99B95E481E851D62002B2AC3 /* Push_TypeController.swift in Sources */ = {isa = PBXBuildFile; fileRef = 99B95E471E851D62002B2AC3 /* Push_TypeController.swift */; };
		99B95E4A1E851D72002B2AC3 /* Push_DescriptionController.swift in Sources */ = {isa = PBXBuildFile; fileRef = 99B95E491E851D72002B2AC3 /* Push_DescriptionController.swift */; };
		99BD80AC1E8F7D2F00639E5C /* BookTabBar.xib in Resources */ = {isa = PBXBuildFile; fileRef = 99BD80AB1E8F7D2F00639E5C /* BookTabBar.xib */; };
		99BD80AE1E8F7D3F00639E5C /* BookTabBar.swift in Sources */ = {isa = PBXBuildFile; fileRef = 99BD80AD1E8F7D3F00639E5C /* BookTabBar.swift */; };
		99DCD8C41E8396DE0092B064 /* AppDelegate.swift in Sources */ = {isa = PBXBuildFile; fileRef = 99DCD8C31E8396DE0092B064 /* AppDelegate.swift */; };
		99DCD8CB1E8396DE0092B064 /* Assets.xcassets in Resources */ = {isa = PBXBuildFile; fileRef = 99DCD8CA1E8396DE0092B064 /* Assets.xcassets */; };
		99DCD8CE1E8396DE0092B064 /* LaunchScreen.storyboard in Resources */ = {isa = PBXBuildFile; fileRef = 99DCD8CC1E8396DE0092B064 /* LaunchScreen.storyboard */; };
		99DCD8DA1E839B760092B064 /* config.swift in Sources */ = {isa = PBXBuildFile; fileRef = 99DCD8D91E839B760092B064 /* config.swift */; };
		99DCD8E11E839C370092B064 /* rankViewController.swift in Sources */ = {isa = PBXBuildFile; fileRef = 99DCD8E01E839C370092B064 /* rankViewController.swift */; };
		99DCD8E31E839C450092B064 /* searchViewController.swift in Sources */ = {isa = PBXBuildFile; fileRef = 99DCD8E21E839C450092B064 /* searchViewController.swift */; };
		99DCD8E51E839C580092B064 /* pushViewController.swift in Sources */ = {isa = PBXBuildFile; fileRef = 99DCD8E41E839C580092B064 /* pushViewController.swift */; };
		99DCD8E71E839C650092B064 /* circleViewController.swift in Sources */ = {isa = PBXBuildFile; fileRef = 99DCD8E61E839C650092B064 /* circleViewController.swift */; };
		99DCD8E91E839C6A0092B064 /* moreViewController.swift in Sources */ = {isa = PBXBuildFile; fileRef = 99DCD8E81E839C6A0092B064 /* moreViewController.swift */; };
		99DCD8ED1E83A5DC0092B064 /* 隶变体.ttf in Resources */ = {isa = PBXBuildFile; fileRef = 99DCD8EC1E83A5DC0092B064 /* 隶变体.ttf */; };
		99DCD8F61E83AB150092B064 /* pushNewBookController.swift in Sources */ = {isa = PBXBuildFile; fileRef = 99DCD8F51E83AB150092B064 /* pushNewBookController.swift */; };
		99DCD8F91E83AC040092B064 /* GeneralFactory.swift in Sources */ = {isa = PBXBuildFile; fileRef = 99DCD8F81E83AC040092B064 /* GeneralFactory.swift */; };
		99DCD8FB1E83B5DA0092B064 /* BookTitleView.swift in Sources */ = {isa = PBXBuildFile; fileRef = 99DCD8FA1E83B5DA0092B064 /* BookTitleView.swift */; };
		99DCD90B1E83B8AF0092B064 /* Avatar.png in Resources */ = {isa = PBXBuildFile; fileRef = 99DCD8FE1E83B8AF0092B064 /* Avatar.png */; };
		99DCD90C1E83B8AF0092B064 /* blank.png in Resources */ = {isa = PBXBuildFile; fileRef = 99DCD8FF1E83B8AF0092B064 /* blank.png */; };
		99DCD90D1E83B8AF0092B064 /* Blank2.png in Resources */ = {isa = PBXBuildFile; fileRef = 99DCD9001E83B8AF0092B064 /* Blank2.png */; };
		99DCD90E1E83B8AF0092B064 /* Cover.png in Resources */ = {isa = PBXBuildFile; fileRef = 99DCD9011E83B8AF0092B064 /* Cover.png */; };
		99DCD90F1E83B8AF0092B064 /* ear1.png in Resources */ = {isa = PBXBuildFile; fileRef = 99DCD9021E83B8AF0092B064 /* ear1.png */; };
		99DCD9101E83B8AF0092B064 /* ear2.png in Resources */ = {isa = PBXBuildFile; fileRef = 99DCD9031E83B8AF0092B064 /* ear2.png */; };
		99DCD9111E83B8AF0092B064 /* Icon2.png in Resources */ = {isa = PBXBuildFile; fileRef = 99DCD9041E83B8AF0092B064 /* Icon2.png */; };
		99DCD9121E83B8AF0092B064 /* logn.png in Resources */ = {isa = PBXBuildFile; fileRef = 99DCD9051E83B8AF0092B064 /* logn.png */; };
		99DCD9131E83B8AF0092B064 /* page1.png in Resources */ = {isa = PBXBuildFile; fileRef = 99DCD9061E83B8AF0092B064 /* page1.png */; };
		99DCD9141E83B8AF0092B064 /* page2.png in Resources */ = {isa = PBXBuildFile; fileRef = 99DCD9071E83B8AF0092B064 /* page2.png */; };
		99DCD9151E83B8AF0092B064 /* page3.png in Resources */ = {isa = PBXBuildFile; fileRef = 99DCD9081E83B8AF0092B064 /* page3.png */; };
		99DCD9161E83B8AF0092B064 /* page4.png in Resources */ = {isa = PBXBuildFile; fileRef = 99DCD9091E83B8AF0092B064 /* page4.png */; };
		99DCD9171E83B8AF0092B064 /* red_point.png in Resources */ = {isa = PBXBuildFile; fileRef = 99DCD90A1E83B8AF0092B064 /* red_point.png */; };
		99DCD9191E83BD280092B064 /* photoPickerViewController.swift in Sources */ = {isa = PBXBuildFile; fileRef = 99DCD9181E83BD280092B064 /* photoPickerViewController.swift */; };
		DABCFE9E0C6B0FD51B20D991 /* libPods-GoodBook.a in Frameworks */ = {isa = PBXBuildFile; fileRef = 9E800CB1233CF18CE371F096 /* libPods-GoodBook.a */; };
/* End PBXBuildFile section */

/* Begin PBXFileReference section */
		18011512484ED08BF14135CD /* Pods-GoodBook.release.xcconfig */ = {isa = PBXFileReference; includeInIndex = 1; lastKnownFileType = text.xcconfig; name = "Pods-GoodBook.release.xcconfig"; path = "Pods/Target Support Files/Pods-GoodBook/Pods-GoodBook.release.xcconfig"; sourceTree = "<group>"; };
		3C7D6132D226C5C1497DC6AC /* Pods-GoodBook.debug.xcconfig */ = {isa = PBXFileReference; includeInIndex = 1; lastKnownFileType = text.xcconfig; name = "Pods-GoodBook.debug.xcconfig"; path = "Pods/Target Support Files/Pods-GoodBook/Pods-GoodBook.debug.xcconfig"; sourceTree = "<group>"; };
		99409E691E8E40D8008E694A /* BookDetailView2.swift */ = {isa = PBXFileReference; fileEncoding = 4; lastKnownFileType = sourcecode.swift; path = BookDetailView2.swift; sourceTree = "<group>"; };
		99409E6B1E8E40E0008E694A /* BookDetailView2.xib */ = {isa = PBXFileReference; fileEncoding = 4; lastKnownFileType = file.xib; path = BookDetailView2.xib; sourceTree = "<group>"; };
		997077B61E960E4400BBB11F /* InputView.h */ = {isa = PBXFileReference; fileEncoding = 4; lastKnownFileType = sourcecode.c.h; path = InputView.h; sourceTree = "<group>"; };
		997077B71E960E4400BBB11F /* InputView.m */ = {isa = PBXFileReference; fileEncoding = 4; lastKnownFileType = sourcecode.c.objc; path = InputView.m; sourceTree = "<group>"; };
		997077B91E960E4D00BBB11F /* InputView.xib */ = {isa = PBXFileReference; fileEncoding = 4; lastKnownFileType = file.xib; path = InputView.xib; sourceTree = "<group>"; };
		997077BB1E960F5A00BBB11F /* UIViewExt.h */ = {isa = PBXFileReference; fileEncoding = 4; lastKnownFileType = sourcecode.c.h; path = UIViewExt.h; sourceTree = "<group>"; };
		997077BC1E960F5A00BBB11F /* UIViewExt.m */ = {isa = PBXFileReference; fileEncoding = 4; lastKnownFileType = sourcecode.c.objc; path = UIViewExt.m; sourceTree = "<group>"; };
		998060B21E972943003E377C /* CommentViewController.swift */ = {isa = PBXFileReference; fileEncoding = 4; lastKnownFileType = sourcecode.swift; path = CommentViewController.swift; sourceTree = "<group>"; };
		998060B31E972943003E377C /* CommentViewController.xib */ = {isa = PBXFileReference; fileEncoding = 4; lastKnownFileType = file.xib; path = CommentViewController.xib; sourceTree = "<group>"; };
		998060B61E972BC8003E377C /* CommentCell.swift */ = {isa = PBXFileReference; fileEncoding = 4; lastKnownFileType = sourcecode.swift; path = CommentCell.swift; sourceTree = "<group>"; };
		998060B71E972BC8003E377C /* CommentCell.xib */ = {isa = PBXFileReference; fileEncoding = 4; lastKnownFileType = file.xib; path = CommentCell.xib; sourceTree = "<group>"; };
		99842D811E8CF19200935DCC /* BookDetailController.swift */ = {isa = PBXFileReference; fileEncoding = 4; lastKnownFileType = sourcecode.swift; path = BookDetailController.swift; sourceTree = "<group>"; };
		9987FA2E1E8A746400E7DA87 /* btn_star_evaluation_normal.png */ = {isa = PBXFileReference; lastKnownFileType = image.png; path = btn_star_evaluation_normal.png; sourceTree = "<group>"; };
		9987FA2F1E8A746400E7DA87 /* btn_star_evaluation_press.png */ = {isa = PBXFileReference; lastKnownFileType = image.png; path = btn_star_evaluation_press.png; sourceTree = "<group>"; };
		9987FA301E8A746400E7DA87 /* LDXScore.h */ = {isa = PBXFileReference; fileEncoding = 4; lastKnownFileType = sourcecode.c.h; path = LDXScore.h; sourceTree = "<group>"; };
		9987FA311E8A746400E7DA87 /* LDXScore.m */ = {isa = PBXFileReference; fileEncoding = 4; lastKnownFileType = sourcecode.c.objc; path = LDXScore.m; sourceTree = "<group>"; };
		9987FA361E8A831E00E7DA87 /* AKSegmentedControl.h */ = {isa = PBXFileReference; fileEncoding = 4; lastKnownFileType = sourcecode.c.h; path = AKSegmentedControl.h; sourceTree = "<group>"; };
		9987FA371E8A831E00E7DA87 /* AKSegmentedControl.m */ = {isa = PBXFileReference; fileEncoding = 4; lastKnownFileType = sourcecode.c.objc; path = AKSegmentedControl.m; sourceTree = "<group>"; };
		9987FA391E8A831E00E7DA87 /* segmented-bg-pressed-center.png */ = {isa = PBXFileReference; lastKnownFileType = image.png; path = "segmented-bg-pressed-center.png"; sourceTree = "<group>"; };
		9987FA3A1E8A831E00E7DA87 /* segmented-bg-pressed-center@2x.png */ = {isa = PBXFileReference; lastKnownFileType = image.png; path = "segmented-bg-pressed-center@2x.png"; sourceTree = "<group>"; };
		9987FA3B1E8A831E00E7DA87 /* segmented-bg-pressed-left.png */ = {isa = PBXFileReference; lastKnownFileType = image.png; path = "segmented-bg-pressed-left.png"; sourceTree = "<group>"; };
		9987FA3C1E8A831E00E7DA87 /* segmented-bg-pressed-left@2x.png */ = {isa = PBXFileReference; lastKnownFileType = image.png; path = "segmented-bg-pressed-left@2x.png"; sourceTree = "<group>"; };
		9987FA3D1E8A831E00E7DA87 /* segmented-bg-pressed-right.png */ = {isa = PBXFileReference; lastKnownFileType = image.png; path = "segmented-bg-pressed-right.png"; sourceTree = "<group>"; };
		9987FA3E1E8A831E00E7DA87 /* segmented-bg-pressed-right@2x.png */ = {isa = PBXFileReference; lastKnownFileType = image.png; path = "segmented-bg-pressed-right@2x.png"; sourceTree = "<group>"; };
		9987FA3F1E8A831E00E7DA87 /* segmented-bg.png */ = {isa = PBXFileReference; lastKnownFileType = image.png; path = "segmented-bg.png"; sourceTree = "<group>"; };
		9987FA401E8A831E00E7DA87 /* segmented-bg@2x.png */ = {isa = PBXFileReference; lastKnownFileType = image.png; path = "segmented-bg@2x.png"; sourceTree = "<group>"; };
		9987FA411E8A831E00E7DA87 /* segmented-separator.png */ = {isa = PBXFileReference; lastKnownFileType = image.png; path = "segmented-separator.png"; sourceTree = "<group>"; };
		9987FA421E8A831E00E7DA87 /* segmented-separator@2x.png */ = {isa = PBXFileReference; lastKnownFileType = image.png; path = "segmented-separator@2x.png"; sourceTree = "<group>"; };
		9987FA431E8A831E00E7DA87 /* settings-icon.png */ = {isa = PBXFileReference; lastKnownFileType = image.png; path = "settings-icon.png"; sourceTree = "<group>"; };
		9987FA441E8A831E00E7DA87 /* settings-icon@2x.png */ = {isa = PBXFileReference; lastKnownFileType = image.png; path = "settings-icon@2x.png"; sourceTree = "<group>"; };
		9987FA451E8A831E00E7DA87 /* social-icon.png */ = {isa = PBXFileReference; lastKnownFileType = image.png; path = "social-icon.png"; sourceTree = "<group>"; };
		9987FA461E8A831E00E7DA87 /* social-icon@2x.png */ = {isa = PBXFileReference; lastKnownFileType = image.png; path = "social-icon@2x.png"; sourceTree = "<group>"; };
		9987FA471E8A831E00E7DA87 /* star-icon.png */ = {isa = PBXFileReference; lastKnownFileType = image.png; path = "star-icon.png"; sourceTree = "<group>"; };
		9987FA481E8A831E00E7DA87 /* star-icon@2x.png */ = {isa = PBXFileReference; lastKnownFileType = image.png; path = "star-icon@2x.png"; sourceTree = "<group>"; };
		9998B5DC1E8CE3DC00DB1D97 /* PushBook_Cell.swift */ = {isa = PBXFileReference; fileEncoding = 4; lastKnownFileType = sourcecode.swift; path = PushBook_Cell.swift; sourceTree = "<group>"; };
		999E4CBC1E8B473E005A62A9 /* IGLDropDownItem.h */ = {isa = PBXFileReference; fileEncoding = 4; lastKnownFileType = sourcecode.c.h; path = IGLDropDownItem.h; sourceTree = "<group>"; };
		999E4CBD1E8B473E005A62A9 /* IGLDropDownItem.m */ = {isa = PBXFileReference; fileEncoding = 4; lastKnownFileType = sourcecode.c.objc; path = IGLDropDownItem.m; sourceTree = "<group>"; };
		999E4CBE1E8B473E005A62A9 /* IGLDropDownMenu.h */ = {isa = PBXFileReference; fileEncoding = 4; lastKnownFileType = sourcecode.c.h; path = IGLDropDownMenu.h; sourceTree = "<group>"; };
		999E4CBF1E8B473E005A62A9 /* IGLDropDownMenu.m */ = {isa = PBXFileReference; fileEncoding = 4; lastKnownFileType = sourcecode.c.objc; path = IGLDropDownMenu.m; sourceTree = "<group>"; };
		999E4CC61E8B86A9005A62A9 /* PushBook.swift */ = {isa = PBXFileReference; fileEncoding = 4; lastKnownFileType = sourcecode.swift; path = PushBook.swift; sourceTree = "<group>"; };
		999E4CC91E8B8D16005A62A9 /* ProgressHUD.bundle */ = {isa = PBXFileReference; lastKnownFileType = "wrapper.plug-in"; path = ProgressHUD.bundle; sourceTree = "<group>"; };
		999E4CCA1E8B8D16005A62A9 /* ProgressHUD.h */ = {isa = PBXFileReference; fileEncoding = 4; lastKnownFileType = sourcecode.c.h; path = ProgressHUD.h; sourceTree = "<group>"; };
		999E4CCB1E8B8D16005A62A9 /* ProgressHUD.m */ = {isa = PBXFileReference; fileEncoding = 4; lastKnownFileType = sourcecode.c.objc; path = ProgressHUD.m; sourceTree = "<group>"; };
		99B94C021E8BAFAD00CA166C /* BaseViewController.swift */ = {isa = PBXFileReference; fileEncoding = 4; lastKnownFileType = sourcecode.swift; path = BaseViewController.swift; sourceTree = "<group>"; };
		99B94C051E8BC68100CA166C /* Login.storyboard */ = {isa = PBXFileReference; fileEncoding = 4; lastKnownFileType = file.storyboard; path = Login.storyboard; sourceTree = "<group>"; };
		99B94C071E8BE37000CA166C /* LoginViewController.swift */ = {isa = PBXFileReference; fileEncoding = 4; lastKnownFileType = sourcecode.swift; path = LoginViewController.swift; sourceTree = "<group>"; };
		99B94C091E8BE37A00CA166C /* RegisterViewController.swift */ = {isa = PBXFileReference; fileEncoding = 4; lastKnownFileType = sourcecode.swift; path = RegisterViewController.swift; sourceTree = "<group>"; };
		99B95E421E85115D002B2AC3 /* VPImageCropperViewController.h */ = {isa = PBXFileReference; fileEncoding = 4; lastKnownFileType = sourcecode.c.h; path = VPImageCropperViewController.h; sourceTree = "<group>"; };
		99B95E431E85115D002B2AC3 /* VPImageCropperViewController.m */ = {isa = PBXFileReference; fileEncoding = 4; lastKnownFileType = sourcecode.c.objc; path = VPImageCropperViewController.m; sourceTree = "<group>"; };
		99B95E451E851D53002B2AC3 /* Push_TitleController.swift */ = {isa = PBXFileReference; fileEncoding = 4; lastKnownFileType = sourcecode.swift; path = Push_TitleController.swift; sourceTree = "<group>"; };
		99B95E471E851D62002B2AC3 /* Push_TypeController.swift */ = {isa = PBXFileReference; fileEncoding = 4; lastKnownFileType = sourcecode.swift; path = Push_TypeController.swift; sourceTree = "<group>"; };
		99B95E491E851D72002B2AC3 /* Push_DescriptionController.swift */ = {isa = PBXFileReference; fileEncoding = 4; lastKnownFileType = sourcecode.swift; path = Push_DescriptionController.swift; sourceTree = "<group>"; };
		99BD80AB1E8F7D2F00639E5C /* BookTabBar.xib */ = {isa = PBXFileReference; fileEncoding = 4; lastKnownFileType = file.xib; path = BookTabBar.xib; sourceTree = "<group>"; };
		99BD80AD1E8F7D3F00639E5C /* BookTabBar.swift */ = {isa = PBXFileReference; fileEncoding = 4; lastKnownFileType = sourcecode.swift; path = BookTabBar.swift; sourceTree = "<group>"; };
		99DCD8C01E8396DE0092B064 /* GoodBook.app */ = {isa = PBXFileReference; explicitFileType = wrapper.application; includeInIndex = 0; path = GoodBook.app; sourceTree = BUILT_PRODUCTS_DIR; };
		99DCD8C31E8396DE0092B064 /* AppDelegate.swift */ = {isa = PBXFileReference; lastKnownFileType = sourcecode.swift; path = AppDelegate.swift; sourceTree = "<group>"; };
		99DCD8CA1E8396DE0092B064 /* Assets.xcassets */ = {isa = PBXFileReference; lastKnownFileType = folder.assetcatalog; path = Assets.xcassets; sourceTree = "<group>"; };
		99DCD8CD1E8396DE0092B064 /* Base */ = {isa = PBXFileReference; lastKnownFileType = file.storyboard; name = Base; path = Base.lproj/LaunchScreen.storyboard; sourceTree = "<group>"; };
		99DCD8CF1E8396DE0092B064 /* Info.plist */ = {isa = PBXFileReference; lastKnownFileType = text.plist.xml; path = Info.plist; sourceTree = "<group>"; };
		99DCD8D71E839AB10092B064 /* bridging.h */ = {isa = PBXFileReference; fileEncoding = 4; lastKnownFileType = sourcecode.c.h; path = bridging.h; sourceTree = "<group>"; };
		99DCD8D91E839B760092B064 /* config.swift */ = {isa = PBXFileReference; fileEncoding = 4; lastKnownFileType = sourcecode.swift; path = config.swift; sourceTree = "<group>"; };
		99DCD8E01E839C370092B064 /* rankViewController.swift */ = {isa = PBXFileReference; fileEncoding = 4; lastKnownFileType = sourcecode.swift; path = rankViewController.swift; sourceTree = "<group>"; };
		99DCD8E21E839C450092B064 /* searchViewController.swift */ = {isa = PBXFileReference; fileEncoding = 4; lastKnownFileType = sourcecode.swift; path = searchViewController.swift; sourceTree = "<group>"; };
		99DCD8E41E839C580092B064 /* pushViewController.swift */ = {isa = PBXFileReference; fileEncoding = 4; lastKnownFileType = sourcecode.swift; path = pushViewController.swift; sourceTree = "<group>"; };
		99DCD8E61E839C650092B064 /* circleViewController.swift */ = {isa = PBXFileReference; fileEncoding = 4; lastKnownFileType = sourcecode.swift; path = circleViewController.swift; sourceTree = "<group>"; };
		99DCD8E81E839C6A0092B064 /* moreViewController.swift */ = {isa = PBXFileReference; fileEncoding = 4; lastKnownFileType = sourcecode.swift; path = moreViewController.swift; sourceTree = "<group>"; };
		99DCD8EC1E83A5DC0092B064 /* 隶变体.ttf */ = {isa = PBXFileReference; lastKnownFileType = file; path = "隶变体.ttf"; sourceTree = "<group>"; };
		99DCD8F51E83AB150092B064 /* pushNewBookController.swift */ = {isa = PBXFileReference; fileEncoding = 4; lastKnownFileType = sourcecode.swift; path = pushNewBookController.swift; sourceTree = "<group>"; };
		99DCD8F81E83AC040092B064 /* GeneralFactory.swift */ = {isa = PBXFileReference; fileEncoding = 4; lastKnownFileType = sourcecode.swift; path = GeneralFactory.swift; sourceTree = "<group>"; };
		99DCD8FA1E83B5DA0092B064 /* BookTitleView.swift */ = {isa = PBXFileReference; fileEncoding = 4; lastKnownFileType = sourcecode.swift; path = BookTitleView.swift; sourceTree = "<group>"; };
		99DCD8FE1E83B8AF0092B064 /* Avatar.png */ = {isa = PBXFileReference; lastKnownFileType = image.png; path = Avatar.png; sourceTree = "<group>"; };
		99DCD8FF1E83B8AF0092B064 /* blank.png */ = {isa = PBXFileReference; lastKnownFileType = image.png; path = blank.png; sourceTree = "<group>"; };
		99DCD9001E83B8AF0092B064 /* Blank2.png */ = {isa = PBXFileReference; lastKnownFileType = image.png; path = Blank2.png; sourceTree = "<group>"; };
		99DCD9011E83B8AF0092B064 /* Cover.png */ = {isa = PBXFileReference; lastKnownFileType = image.png; path = Cover.png; sourceTree = "<group>"; };
		99DCD9021E83B8AF0092B064 /* ear1.png */ = {isa = PBXFileReference; lastKnownFileType = image.png; path = ear1.png; sourceTree = "<group>"; };
		99DCD9031E83B8AF0092B064 /* ear2.png */ = {isa = PBXFileReference; lastKnownFileType = image.png; path = ear2.png; sourceTree = "<group>"; };
		99DCD9041E83B8AF0092B064 /* Icon2.png */ = {isa = PBXFileReference; lastKnownFileType = image.png; path = Icon2.png; sourceTree = "<group>"; };
		99DCD9051E83B8AF0092B064 /* logn.png */ = {isa = PBXFileReference; lastKnownFileType = image.png; path = logn.png; sourceTree = "<group>"; };
		99DCD9061E83B8AF0092B064 /* page1.png */ = {isa = PBXFileReference; lastKnownFileType = image.png; path = page1.png; sourceTree = "<group>"; };
		99DCD9071E83B8AF0092B064 /* page2.png */ = {isa = PBXFileReference; lastKnownFileType = image.png; path = page2.png; sourceTree = "<group>"; };
		99DCD9081E83B8AF0092B064 /* page3.png */ = {isa = PBXFileReference; lastKnownFileType = image.png; path = page3.png; sourceTree = "<group>"; };
		99DCD9091E83B8AF0092B064 /* page4.png */ = {isa = PBXFileReference; lastKnownFileType = image.png; path = page4.png; sourceTree = "<group>"; };
		99DCD90A1E83B8AF0092B064 /* red_point.png */ = {isa = PBXFileReference; lastKnownFileType = image.png; path = red_point.png; sourceTree = "<group>"; };
		99DCD9181E83BD280092B064 /* photoPickerViewController.swift */ = {isa = PBXFileReference; fileEncoding = 4; lastKnownFileType = sourcecode.swift; path = photoPickerViewController.swift; sourceTree = "<group>"; };
		9E800CB1233CF18CE371F096 /* libPods-GoodBook.a */ = {isa = PBXFileReference; explicitFileType = archive.ar; includeInIndex = 0; path = "libPods-GoodBook.a"; sourceTree = BUILT_PRODUCTS_DIR; };
/* End PBXFileReference section */

/* Begin PBXFrameworksBuildPhase section */
		99DCD8BD1E8396DE0092B064 /* Frameworks */ = {
			isa = PBXFrameworksBuildPhase;
			buildActionMask = 2147483647;
			files = (
				DABCFE9E0C6B0FD51B20D991 /* libPods-GoodBook.a in Frameworks */,
			);
			runOnlyForDeploymentPostprocessing = 0;
		};
/* End PBXFrameworksBuildPhase section */

/* Begin PBXGroup section */
		8F326BB8DDA0D0B5FED6904D /* Pods */ = {
			isa = PBXGroup;
			children = (
				3C7D6132D226C5C1497DC6AC /* Pods-GoodBook.debug.xcconfig */,
				18011512484ED08BF14135CD /* Pods-GoodBook.release.xcconfig */,
			);
			name = Pods;
			sourceTree = "<group>";
		};
		99842D7D1E8CF16200935DCC /* BookDetailVC */ = {
			isa = PBXGroup;
			children = (
				99842D801E8CF17700935DCC /* C */,
				99842D7F1E8CF17400935DCC /* V */,
				99842D7E1E8CF17100935DCC /* M */,
			);
			name = BookDetailVC;
			sourceTree = "<group>";
		};
		99842D7E1E8CF17100935DCC /* M */ = {
			isa = PBXGroup;
			children = (
			);
			name = M;
			sourceTree = "<group>";
		};
		99842D7F1E8CF17400935DCC /* V */ = {
			isa = PBXGroup;
			children = (
				99409E691E8E40D8008E694A /* BookDetailView2.swift */,
				99409E6B1E8E40E0008E694A /* BookDetailView2.xib */,
				99BD80AD1E8F7D3F00639E5C /* BookTabBar.swift */,
				99BD80AB1E8F7D2F00639E5C /* BookTabBar.xib */,
				998060B61E972BC8003E377C /* CommentCell.swift */,
				998060B71E972BC8003E377C /* CommentCell.xib */,
			);
			name = V;
			sourceTree = "<group>";
		};
		99842D801E8CF17700935DCC /* C */ = {
			isa = PBXGroup;
			children = (
				99842D811E8CF19200935DCC /* BookDetailController.swift */,
				998060B21E972943003E377C /* CommentViewController.swift */,
				998060B31E972943003E377C /* CommentViewController.xib */,
			);
			name = C;
			sourceTree = "<group>";
		};
		9987FA2D1E8A746400E7DA87 /* LDXScore */ = {
			isa = PBXGroup;
			children = (
				9987FA2E1E8A746400E7DA87 /* btn_star_evaluation_normal.png */,
				9987FA2F1E8A746400E7DA87 /* btn_star_evaluation_press.png */,
				9987FA301E8A746400E7DA87 /* LDXScore.h */,
				9987FA311E8A746400E7DA87 /* LDXScore.m */,
			);
			path = LDXScore;
			sourceTree = "<group>";
		};
		9987FA351E8A831E00E7DA87 /* AKSegmentedControl */ = {
			isa = PBXGroup;
			children = (
				9987FA361E8A831E00E7DA87 /* AKSegmentedControl.h */,
				9987FA371E8A831E00E7DA87 /* AKSegmentedControl.m */,
				9987FA381E8A831E00E7DA87 /* images */,
			);
			path = AKSegmentedControl;
			sourceTree = "<group>";
		};
		9987FA381E8A831E00E7DA87 /* images */ = {
			isa = PBXGroup;
			children = (
				9987FA391E8A831E00E7DA87 /* segmented-bg-pressed-center.png */,
				9987FA3A1E8A831E00E7DA87 /* segmented-bg-pressed-center@2x.png */,
				9987FA3B1E8A831E00E7DA87 /* segmented-bg-pressed-left.png */,
				9987FA3C1E8A831E00E7DA87 /* segmented-bg-pressed-left@2x.png */,
				9987FA3D1E8A831E00E7DA87 /* segmented-bg-pressed-right.png */,
				9987FA3E1E8A831E00E7DA87 /* segmented-bg-pressed-right@2x.png */,
				9987FA3F1E8A831E00E7DA87 /* segmented-bg.png */,
				9987FA401E8A831E00E7DA87 /* segmented-bg@2x.png */,
				9987FA411E8A831E00E7DA87 /* segmented-separator.png */,
				9987FA421E8A831E00E7DA87 /* segmented-separator@2x.png */,
				9987FA431E8A831E00E7DA87 /* settings-icon.png */,
				9987FA441E8A831E00E7DA87 /* settings-icon@2x.png */,
				9987FA451E8A831E00E7DA87 /* social-icon.png */,
				9987FA461E8A831E00E7DA87 /* social-icon@2x.png */,
				9987FA471E8A831E00E7DA87 /* star-icon.png */,
				9987FA481E8A831E00E7DA87 /* star-icon@2x.png */,
			);
			path = images;
			sourceTree = "<group>";
		};
		999E4CBB1E8B473E005A62A9 /* IGLDropDownMenu */ = {
			isa = PBXGroup;
			children = (
				999E4CBC1E8B473E005A62A9 /* IGLDropDownItem.h */,
				999E4CBD1E8B473E005A62A9 /* IGLDropDownItem.m */,
				999E4CBE1E8B473E005A62A9 /* IGLDropDownMenu.h */,
				999E4CBF1E8B473E005A62A9 /* IGLDropDownMenu.m */,
			);
			path = IGLDropDownMenu;
			sourceTree = "<group>";
		};
		999E4CC81E8B8D16005A62A9 /* ProgressHUD */ = {
			isa = PBXGroup;
			children = (
				999E4CC91E8B8D16005A62A9 /* ProgressHUD.bundle */,
				999E4CCA1E8B8D16005A62A9 /* ProgressHUD.h */,
				999E4CCB1E8B8D16005A62A9 /* ProgressHUD.m */,
			);
			path = ProgressHUD;
			sourceTree = "<group>";
		};
		99B94C041E8BC64F00CA166C /* Login */ = {
			isa = PBXGroup;
			children = (
				99B94C051E8BC68100CA166C /* Login.storyboard */,
				99B94C071E8BE37000CA166C /* LoginViewController.swift */,
				99B94C091E8BE37A00CA166C /* RegisterViewController.swift */,
			);
			name = Login;
			sourceTree = "<group>";
		};
		99B95E411E85115D002B2AC3 /* VPImageCropperViewController */ = {
			isa = PBXGroup;
			children = (
				99B95E421E85115D002B2AC3 /* VPImageCropperViewController.h */,
				99B95E431E85115D002B2AC3 /* VPImageCropperViewController.m */,
			);
			name = VPImageCropperViewController;
			path = Image/VPImageCropperViewController;
			sourceTree = "<group>";
		};
		99BD80B11E8FACF900639E5C /* InputView */ = {
			isa = PBXGroup;
			children = (
				997077B61E960E4400BBB11F /* InputView.h */,
				997077B71E960E4400BBB11F /* InputView.m */,
				997077B91E960E4D00BBB11F /* InputView.xib */,
				997077BB1E960F5A00BBB11F /* UIViewExt.h */,
				997077BC1E960F5A00BBB11F /* UIViewExt.m */,
			);
			name = InputView;
			sourceTree = "<group>";
		};
		99DCD8B71E8396DE0092B064 = {
			isa = PBXGroup;
			children = (
				99DCD8D51E839A4A0092B064 /* Resource */,
				99DCD8C21E8396DE0092B064 /* GoodBook */,
				99DCD8C11E8396DE0092B064 /* Products */,
				8F326BB8DDA0D0B5FED6904D /* Pods */,
				F226D09BD849D79A1500007A /* Frameworks */,
			);
			sourceTree = "<group>";
		};
		99DCD8C11E8396DE0092B064 /* Products */ = {
			isa = PBXGroup;
			children = (
				99DCD8C01E8396DE0092B064 /* GoodBook.app */,
			);
			name = Products;
			sourceTree = "<group>";
		};
		99DCD8C21E8396DE0092B064 /* GoodBook */ = {
			isa = PBXGroup;
			children = (
				99842D7D1E8CF16200935DCC /* BookDetailVC */,
				99B94C041E8BC64F00CA166C /* Login */,
				99DCD8F71E83ABD90092B064 /* Factory */,
				99DCD8F11E83AAE30092B064 /* pushNewBook */,
				99DCD8DF1E839C200092B064 /* more */,
				99DCD8DE1E839C140092B064 /* circle */,
				99DCD8DD1E839C0D0092B064 /* push */,
				99DCD8DC1E839C090092B064 /* search */,
				99DCD8DB1E839C030092B064 /* rank */,
				99DCD8C31E8396DE0092B064 /* AppDelegate.swift */,
				99DCD8CA1E8396DE0092B064 /* Assets.xcassets */,
				99DCD8CC1E8396DE0092B064 /* LaunchScreen.storyboard */,
				99DCD8CF1E8396DE0092B064 /* Info.plist */,
				99DCD8D71E839AB10092B064 /* bridging.h */,
				99DCD8D91E839B760092B064 /* config.swift */,
			);
			path = GoodBook;
			sourceTree = "<group>";
		};
		99DCD8D51E839A4A0092B064 /* Resource */ = {
			isa = PBXGroup;
			children = (
				999E4CC81E8B8D16005A62A9 /* ProgressHUD */,
				999E4CBB1E8B473E005A62A9 /* IGLDropDownMenu */,
				9987FA351E8A831E00E7DA87 /* AKSegmentedControl */,
				9987FA2D1E8A746400E7DA87 /* LDXScore */,
				99B95E411E85115D002B2AC3 /* VPImageCropperViewController */,
				99DCD8FD1E83B8AF0092B064 /* Image */,
				99DCD8EC1E83A5DC0092B064 /* 隶变体.ttf */,
				99BD80B11E8FACF900639E5C /* InputView */,
			);
			name = Resource;
			sourceTree = "<group>";
		};
		99DCD8DB1E839C030092B064 /* rank */ = {
			isa = PBXGroup;
			children = (
				99DCD8E01E839C370092B064 /* rankViewController.swift */,
			);
			name = rank;
			sourceTree = "<group>";
		};
		99DCD8DC1E839C090092B064 /* search */ = {
			isa = PBXGroup;
			children = (
				99DCD8E21E839C450092B064 /* searchViewController.swift */,
			);
			name = search;
			sourceTree = "<group>";
		};
		99DCD8DD1E839C0D0092B064 /* push */ = {
			isa = PBXGroup;
			children = (
				99DCD8F01E83A8760092B064 /* C */,
				99DCD8EF1E83A8710092B064 /* V */,
				99DCD8EE1E83A86D0092B064 /* M */,
			);
			name = push;
			sourceTree = "<group>";
		};
		99DCD8DE1E839C140092B064 /* circle */ = {
			isa = PBXGroup;
			children = (
				99DCD8E61E839C650092B064 /* circleViewController.swift */,
			);
			name = circle;
			sourceTree = "<group>";
		};
		99DCD8DF1E839C200092B064 /* more */ = {
			isa = PBXGroup;
			children = (
				99DCD8E81E839C6A0092B064 /* moreViewController.swift */,
			);
			name = more;
			sourceTree = "<group>";
		};
		99DCD8EE1E83A86D0092B064 /* M */ = {
			isa = PBXGroup;
			children = (
			);
			name = M;
			sourceTree = "<group>";
		};
		99DCD8EF1E83A8710092B064 /* V */ = {
			isa = PBXGroup;
			children = (
				9998B5DC1E8CE3DC00DB1D97 /* PushBook_Cell.swift */,
			);
			name = V;
			sourceTree = "<group>";
		};
		99DCD8F01E83A8760092B064 /* C */ = {
			isa = PBXGroup;
			children = (
				99DCD8E41E839C580092B064 /* pushViewController.swift */,
			);
			name = C;
			sourceTree = "<group>";
		};
		99DCD8F11E83AAE30092B064 /* pushNewBook */ = {
			isa = PBXGroup;
			children = (
				99DCD8F41E83AAF30092B064 /* C */,
				99DCD8F31E83AAF00092B064 /* V */,
				99DCD8F21E83AAED0092B064 /* M */,
			);
			name = pushNewBook;
			sourceTree = "<group>";
		};
		99DCD8F21E83AAED0092B064 /* M */ = {
			isa = PBXGroup;
			children = (
				999E4CC61E8B86A9005A62A9 /* PushBook.swift */,
			);
			name = M;
			sourceTree = "<group>";
		};
		99DCD8F31E83AAF00092B064 /* V */ = {
			isa = PBXGroup;
			children = (
				99DCD8FA1E83B5DA0092B064 /* BookTitleView.swift */,
			);
			name = V;
			sourceTree = "<group>";
		};
		99DCD8F41E83AAF30092B064 /* C */ = {
			isa = PBXGroup;
			children = (
				99DCD8F51E83AB150092B064 /* pushNewBookController.swift */,
				99DCD9181E83BD280092B064 /* photoPickerViewController.swift */,
				99B95E451E851D53002B2AC3 /* Push_TitleController.swift */,
				99B95E471E851D62002B2AC3 /* Push_TypeController.swift */,
				99B95E491E851D72002B2AC3 /* Push_DescriptionController.swift */,
			);
			name = C;
			sourceTree = "<group>";
		};
		99DCD8F71E83ABD90092B064 /* Factory */ = {
			isa = PBXGroup;
			children = (
				99DCD8F81E83AC040092B064 /* GeneralFactory.swift */,
				99B94C021E8BAFAD00CA166C /* BaseViewController.swift */,
			);
			name = Factory;
			sourceTree = "<group>";
		};
		99DCD8FD1E83B8AF0092B064 /* Image */ = {
			isa = PBXGroup;
			children = (
				99DCD8FE1E83B8AF0092B064 /* Avatar.png */,
				99DCD8FF1E83B8AF0092B064 /* blank.png */,
				99DCD9001E83B8AF0092B064 /* Blank2.png */,
				99DCD9011E83B8AF0092B064 /* Cover.png */,
				99DCD9021E83B8AF0092B064 /* ear1.png */,
				99DCD9031E83B8AF0092B064 /* ear2.png */,
				99DCD9041E83B8AF0092B064 /* Icon2.png */,
				99DCD9051E83B8AF0092B064 /* logn.png */,
				99DCD9061E83B8AF0092B064 /* page1.png */,
				99DCD9071E83B8AF0092B064 /* page2.png */,
				99DCD9081E83B8AF0092B064 /* page3.png */,
				99DCD9091E83B8AF0092B064 /* page4.png */,
				99DCD90A1E83B8AF0092B064 /* red_point.png */,
			);
			path = Image;
			sourceTree = "<group>";
		};
		F226D09BD849D79A1500007A /* Frameworks */ = {
			isa = PBXGroup;
			children = (
				9E800CB1233CF18CE371F096 /* libPods-GoodBook.a */,
			);
			name = Frameworks;
			sourceTree = "<group>";
		};
/* End PBXGroup section */

/* Begin PBXNativeTarget section */
		99DCD8BF1E8396DE0092B064 /* GoodBook */ = {
			isa = PBXNativeTarget;
			buildConfigurationList = 99DCD8D21E8396DE0092B064 /* Build configuration list for PBXNativeTarget "GoodBook" */;
			buildPhases = (
				EB48D34AA3D512F6A9476B17 /* [CP] Check Pods Manifest.lock */,
				99DCD8BD1E8396DE0092B064 /* Frameworks */,
				99DCD8BC1E8396DE0092B064 /* Sources */,
				99DCD8BE1E8396DE0092B064 /* Resources */,
				F860C68106B2CAEC5BBAF4CB /* [CP] Embed Pods Frameworks */,
				0CE1EAA411ACCFDAED26F4C9 /* [CP] Copy Pods Resources */,
			);
			buildRules = (
			);
			dependencies = (
			);
			name = GoodBook;
			productName = GoodBook;
			productReference = 99DCD8C01E8396DE0092B064 /* GoodBook.app */;
			productType = "com.apple.product-type.application";
		};
/* End PBXNativeTarget section */

/* Begin PBXProject section */
		99DCD8B81E8396DE0092B064 /* Project object */ = {
			isa = PBXProject;
			attributes = {
				LastSwiftUpdateCheck = 0820;
				LastUpgradeCheck = 0820;
				ORGANIZATIONNAME = zhanghaiyong;
				TargetAttributes = {
					99DCD8BF1E8396DE0092B064 = {
						CreatedOnToolsVersion = 8.2.1;
						DevelopmentTeam = X37H2A9PP3;
						ProvisioningStyle = Automatic;
					};
				};
			};
			buildConfigurationList = 99DCD8BB1E8396DE0092B064 /* Build configuration list for PBXProject "GoodBook" */;
			compatibilityVersion = "Xcode 3.2";
			developmentRegion = English;
			hasScannedForEncodings = 0;
			knownRegions = (
				en,
				Base,
			);
			mainGroup = 99DCD8B71E8396DE0092B064;
			productRefGroup = 99DCD8C11E8396DE0092B064 /* Products */;
			projectDirPath = "";
			projectRoot = "";
			targets = (
				99DCD8BF1E8396DE0092B064 /* GoodBook */,
			);
		};
/* End PBXProject section */

/* Begin PBXResourcesBuildPhase section */
		99DCD8BE1E8396DE0092B064 /* Resources */ = {
			isa = PBXResourcesBuildPhase;
			buildActionMask = 2147483647;
			files = (
				9987FA571E8A831E00E7DA87 /* social-icon@2x.png in Resources */,
				99DCD90B1E83B8AF0092B064 /* Avatar.png in Resources */,
				99409E6C1E8E40E0008E694A /* BookDetailView2.xib in Resources */,
				99DCD9141E83B8AF0092B064 /* page2.png in Resources */,
				99DCD90E1E83B8AF0092B064 /* Cover.png in Resources */,
				9987FA581E8A831E00E7DA87 /* star-icon.png in Resources */,
				99DCD9131E83B8AF0092B064 /* page1.png in Resources */,
				99DCD9171E83B8AF0092B064 /* red_point.png in Resources */,
				998060B91E972BC8003E377C /* CommentCell.xib in Resources */,
				99DCD9101E83B8AF0092B064 /* ear2.png in Resources */,
				99B94C061E8BC68100CA166C /* Login.storyboard in Resources */,
				9987FA511E8A831E00E7DA87 /* segmented-bg@2x.png in Resources */,
				9987FA501E8A831E00E7DA87 /* segmented-bg.png in Resources */,
				998060B51E972943003E377C /* CommentViewController.xib in Resources */,
				99DCD9161E83B8AF0092B064 /* page4.png in Resources */,
				9987FA321E8A746400E7DA87 /* btn_star_evaluation_normal.png in Resources */,
				9987FA331E8A746400E7DA87 /* btn_star_evaluation_press.png in Resources */,
				9987FA4E1E8A831E00E7DA87 /* segmented-bg-pressed-right.png in Resources */,
				9987FA4F1E8A831E00E7DA87 /* segmented-bg-pressed-right@2x.png in Resources */,
				9987FA4C1E8A831E00E7DA87 /* segmented-bg-pressed-left.png in Resources */,
				9987FA561E8A831E00E7DA87 /* social-icon.png in Resources */,
				9987FA591E8A831E00E7DA87 /* star-icon@2x.png in Resources */,
				99DCD9111E83B8AF0092B064 /* Icon2.png in Resources */,
				99DCD9151E83B8AF0092B064 /* page3.png in Resources */,
				9987FA4D1E8A831E00E7DA87 /* segmented-bg-pressed-left@2x.png in Resources */,
				9987FA531E8A831E00E7DA87 /* segmented-separator@2x.png in Resources */,
				9987FA4A1E8A831E00E7DA87 /* segmented-bg-pressed-center.png in Resources */,
				999E4CCC1E8B8D16005A62A9 /* ProgressHUD.bundle in Resources */,
				997077BA1E960E4D00BBB11F /* InputView.xib in Resources */,
				9987FA541E8A831E00E7DA87 /* settings-icon.png in Resources */,
				9987FA551E8A831E00E7DA87 /* settings-icon@2x.png in Resources */,
				99DCD8ED1E83A5DC0092B064 /* 隶变体.ttf in Resources */,
				99DCD8CE1E8396DE0092B064 /* LaunchScreen.storyboard in Resources */,
				99DCD9121E83B8AF0092B064 /* logn.png in Resources */,
				99DCD90F1E83B8AF0092B064 /* ear1.png in Resources */,
				99DCD8CB1E8396DE0092B064 /* Assets.xcassets in Resources */,
				9987FA521E8A831E00E7DA87 /* segmented-separator.png in Resources */,
				99BD80AC1E8F7D2F00639E5C /* BookTabBar.xib in Resources */,
				99DCD90C1E83B8AF0092B064 /* blank.png in Resources */,
				9987FA4B1E8A831E00E7DA87 /* segmented-bg-pressed-center@2x.png in Resources */,
				99DCD90D1E83B8AF0092B064 /* Blank2.png in Resources */,
			);
			runOnlyForDeploymentPostprocessing = 0;
		};
/* End PBXResourcesBuildPhase section */

/* Begin PBXShellScriptBuildPhase section */
		0CE1EAA411ACCFDAED26F4C9 /* [CP] Copy Pods Resources */ = {
			isa = PBXShellScriptBuildPhase;
			buildActionMask = 2147483647;
			files = (
			);
			inputPaths = (
			);
			name = "[CP] Copy Pods Resources";
			outputPaths = (
			);
			runOnlyForDeploymentPostprocessing = 0;
			shellPath = /bin/sh;
			shellScript = "\"${SRCROOT}/Pods/Target Support Files/Pods-GoodBook/Pods-GoodBook-resources.sh\"\n";
			showEnvVarsInLog = 0;
		};
		EB48D34AA3D512F6A9476B17 /* [CP] Check Pods Manifest.lock */ = {
			isa = PBXShellScriptBuildPhase;
			buildActionMask = 2147483647;
			files = (
			);
			inputPaths = (
			);
			name = "[CP] Check Pods Manifest.lock";
			outputPaths = (
			);
			runOnlyForDeploymentPostprocessing = 0;
			shellPath = /bin/sh;
			shellScript = "diff \"${PODS_ROOT}/../Podfile.lock\" \"${PODS_ROOT}/Manifest.lock\" > /dev/null\nif [ $? != 0 ] ; then\n    # print error to STDERR\n    echo \"error: The sandbox is not in sync with the Podfile.lock. Run 'pod install' or update your CocoaPods installation.\" >&2\n    exit 1\nfi\n";
			showEnvVarsInLog = 0;
		};
		F860C68106B2CAEC5BBAF4CB /* [CP] Embed Pods Frameworks */ = {
			isa = PBXShellScriptBuildPhase;
			buildActionMask = 2147483647;
			files = (
			);
			inputPaths = (
			);
			name = "[CP] Embed Pods Frameworks";
			outputPaths = (
			);
			runOnlyForDeploymentPostprocessing = 0;
			shellPath = /bin/sh;
			shellScript = "\"${SRCROOT}/Pods/Target Support Files/Pods-GoodBook/Pods-GoodBook-frameworks.sh\"\n";
			showEnvVarsInLog = 0;
		};
/* End PBXShellScriptBuildPhase section */

/* Begin PBXSourcesBuildPhase section */
		99DCD8BC1E8396DE0092B064 /* Sources */ = {
			isa = PBXSourcesBuildPhase;
			buildActionMask = 2147483647;
			files = (
				99DCD8F91E83AC040092B064 /* GeneralFactory.swift in Sources */,
				99B95E481E851D62002B2AC3 /* Push_TypeController.swift in Sources */,
				99DCD8DA1E839B760092B064 /* config.swift in Sources */,
				99B94C0A1E8BE37A00CA166C /* RegisterViewController.swift in Sources */,
				99B94C081E8BE37000CA166C /* LoginViewController.swift in Sources */,
				99842D821E8CF19200935DCC /* BookDetailController.swift in Sources */,
				99B94C031E8BAFAD00CA166C /* BaseViewController.swift in Sources */,
				99DCD8FB1E83B5DA0092B064 /* BookTitleView.swift in Sources */,
				997077B81E960E4400BBB11F /* InputView.m in Sources */,
				99DCD8E31E839C450092B064 /* searchViewController.swift in Sources */,
				99DCD8E11E839C370092B064 /* rankViewController.swift in Sources */,
				999E4CCD1E8B8D16005A62A9 /* ProgressHUD.m in Sources */,
				99B95E4A1E851D72002B2AC3 /* Push_DescriptionController.swift in Sources */,
				99DCD8E51E839C580092B064 /* pushViewController.swift in Sources */,
				99DCD9191E83BD280092B064 /* photoPickerViewController.swift in Sources */,
				99BD80AE1E8F7D3F00639E5C /* BookTabBar.swift in Sources */,
				9987FA341E8A746400E7DA87 /* LDXScore.m in Sources */,
				99B95E461E851D53002B2AC3 /* Push_TitleController.swift in Sources */,
				999E4CC71E8B86A9005A62A9 /* PushBook.swift in Sources */,
				9998B5DD1E8CE3DC00DB1D97 /* PushBook_Cell.swift in Sources */,
				999E4CC11E8B473E005A62A9 /* IGLDropDownMenu.m in Sources */,
				99DCD8E91E839C6A0092B064 /* moreViewController.swift in Sources */,
				998060B41E972943003E377C /* CommentViewController.swift in Sources */,
				997077BD1E960F5A00BBB11F /* UIViewExt.m in Sources */,
				999E4CC01E8B473E005A62A9 /* IGLDropDownItem.m in Sources */,
				99B95E441E85115D002B2AC3 /* VPImageCropperViewController.m in Sources */,
				99DCD8C41E8396DE0092B064 /* AppDelegate.swift in Sources */,
				99DCD8E71E839C650092B064 /* circleViewController.swift in Sources */,
				99DCD8F61E83AB150092B064 /* pushNewBookController.swift in Sources */,
				9987FA491E8A831E00E7DA87 /* AKSegmentedControl.m in Sources */,
				99409E6A1E8E40D8008E694A /* BookDetailView2.swift in Sources */,
				998060B81E972BC8003E377C /* CommentCell.swift in Sources */,
			);
			runOnlyForDeploymentPostprocessing = 0;
		};
/* End PBXSourcesBuildPhase section */

/* Begin PBXVariantGroup section */
		99DCD8CC1E8396DE0092B064 /* LaunchScreen.storyboard */ = {
			isa = PBXVariantGroup;
			children = (
				99DCD8CD1E8396DE0092B064 /* Base */,
			);
			name = LaunchScreen.storyboard;
			sourceTree = "<group>";
		};
/* End PBXVariantGroup section */

/* Begin XCBuildConfiguration section */
		99DCD8D01E8396DE0092B064 /* Debug */ = {
			isa = XCBuildConfiguration;
			buildSettings = {
				ALWAYS_SEARCH_USER_PATHS = NO;
				CLANG_ANALYZER_NONNULL = YES;
				CLANG_CXX_LANGUAGE_STANDARD = "gnu++0x";
				CLANG_CXX_LIBRARY = "libc++";
				CLANG_ENABLE_MODULES = YES;
				CLANG_ENABLE_OBJC_ARC = YES;
				CLANG_WARN_BOOL_CONVERSION = YES;
				CLANG_WARN_CONSTANT_CONVERSION = YES;
				CLANG_WARN_DIRECT_OBJC_ISA_USAGE = YES_ERROR;
				CLANG_WARN_DOCUMENTATION_COMMENTS = YES;
				CLANG_WARN_EMPTY_BODY = YES;
				CLANG_WARN_ENUM_CONVERSION = YES;
				CLANG_WARN_INFINITE_RECURSION = YES;
				CLANG_WARN_INT_CONVERSION = YES;
				CLANG_WARN_OBJC_ROOT_CLASS = YES_ERROR;
				CLANG_WARN_SUSPICIOUS_MOVE = YES;
				CLANG_WARN_UNREACHABLE_CODE = YES;
				CLANG_WARN__DUPLICATE_METHOD_MATCH = YES;
				"CODE_SIGN_IDENTITY[sdk=iphoneos*]" = "iPhone Developer";
				COPY_PHASE_STRIP = NO;
				DEBUG_INFORMATION_FORMAT = dwarf;
				ENABLE_STRICT_OBJC_MSGSEND = YES;
				ENABLE_TESTABILITY = YES;
				GCC_C_LANGUAGE_STANDARD = gnu99;
				GCC_DYNAMIC_NO_PIC = NO;
				GCC_NO_COMMON_BLOCKS = YES;
				GCC_OPTIMIZATION_LEVEL = 0;
				GCC_PREPROCESSOR_DEFINITIONS = (
					"DEBUG=1",
					"$(inherited)",
				);
				GCC_WARN_64_TO_32_BIT_CONVERSION = YES;
				GCC_WARN_ABOUT_RETURN_TYPE = YES_ERROR;
				GCC_WARN_UNDECLARED_SELECTOR = YES;
				GCC_WARN_UNINITIALIZED_AUTOS = YES_AGGRESSIVE;
				GCC_WARN_UNUSED_FUNCTION = YES;
				GCC_WARN_UNUSED_VARIABLE = YES;
				IPHONEOS_DEPLOYMENT_TARGET = 9.0;
				MTL_ENABLE_DEBUG_INFO = YES;
				ONLY_ACTIVE_ARCH = YES;
				SDKROOT = iphoneos;
				SWIFT_ACTIVE_COMPILATION_CONDITIONS = DEBUG;
				SWIFT_OPTIMIZATION_LEVEL = "-Onone";
			};
			name = Debug;
		};
		99DCD8D11E8396DE0092B064 /* Release */ = {
			isa = XCBuildConfiguration;
			buildSettings = {
				ALWAYS_SEARCH_USER_PATHS = NO;
				CLANG_ANALYZER_NONNULL = YES;
				CLANG_CXX_LANGUAGE_STANDARD = "gnu++0x";
				CLANG_CXX_LIBRARY = "libc++";
				CLANG_ENABLE_MODULES = YES;
				CLANG_ENABLE_OBJC_ARC = YES;
				CLANG_WARN_BOOL_CONVERSION = YES;
				CLANG_WARN_CONSTANT_CONVERSION = YES;
				CLANG_WARN_DIRECT_OBJC_ISA_USAGE = YES_ERROR;
				CLANG_WARN_DOCUMENTATION_COMMENTS = YES;
				CLANG_WARN_EMPTY_BODY = YES;
				CLANG_WARN_ENUM_CONVERSION = YES;
				CLANG_WARN_INFINITE_RECURSION = YES;
				CLANG_WARN_INT_CONVERSION = YES;
				CLANG_WARN_OBJC_ROOT_CLASS = YES_ERROR;
				CLANG_WARN_SUSPICIOUS_MOVE = YES;
				CLANG_WARN_UNREACHABLE_CODE = YES;
				CLANG_WARN__DUPLICATE_METHOD_MATCH = YES;
				"CODE_SIGN_IDENTITY[sdk=iphoneos*]" = "iPhone Developer";
				COPY_PHASE_STRIP = NO;
				DEBUG_INFORMATION_FORMAT = "dwarf-with-dsym";
				ENABLE_NS_ASSERTIONS = NO;
				ENABLE_STRICT_OBJC_MSGSEND = YES;
				GCC_C_LANGUAGE_STANDARD = gnu99;
				GCC_NO_COMMON_BLOCKS = YES;
				GCC_WARN_64_TO_32_BIT_CONVERSION = YES;
				GCC_WARN_ABOUT_RETURN_TYPE = YES_ERROR;
				GCC_WARN_UNDECLARED_SELECTOR = YES;
				GCC_WARN_UNINITIALIZED_AUTOS = YES_AGGRESSIVE;
				GCC_WARN_UNUSED_FUNCTION = YES;
				GCC_WARN_UNUSED_VARIABLE = YES;
				IPHONEOS_DEPLOYMENT_TARGET = 9.0;
				MTL_ENABLE_DEBUG_INFO = NO;
				SDKROOT = iphoneos;
				SWIFT_OPTIMIZATION_LEVEL = "-Owholemodule";
				VALIDATE_PRODUCT = YES;
			};
			name = Release;
		};
		99DCD8D31E8396DE0092B064 /* Debug */ = {
			isa = XCBuildConfiguration;
			baseConfigurationReference = 3C7D6132D226C5C1497DC6AC /* Pods-GoodBook.debug.xcconfig */;
			buildSettings = {
				ASSETCATALOG_COMPILER_APPICON_NAME = AppIcon;
				DEVELOPMENT_TEAM = X37H2A9PP3;
				INFOPLIST_FILE = GoodBook/Info.plist;
				IPHONEOS_DEPLOYMENT_TARGET = 9.1;
				LD_RUNPATH_SEARCH_PATHS = "$(inherited) @executable_path/Frameworks";
				PRODUCT_BUNDLE_IDENTIFIER = com.zhanghaiyong;
				PRODUCT_NAME = "$(TARGET_NAME)";
				SWIFT_OBJC_BRIDGING_HEADER = GoodBook/bridging.h;
				SWIFT_VERSION = 3.0;
			};
			name = Debug;
		};
		99DCD8D41E8396DE0092B064 /* Release */ = {
			isa = XCBuildConfiguration;
			baseConfigurationReference = 18011512484ED08BF14135CD /* Pods-GoodBook.release.xcconfig */;
			buildSettings = {
				ASSETCATALOG_COMPILER_APPICON_NAME = AppIcon;
				DEVELOPMENT_TEAM = X37H2A9PP3;
				INFOPLIST_FILE = GoodBook/Info.plist;
				IPHONEOS_DEPLOYMENT_TARGET = 9.1;
				LD_RUNPATH_SEARCH_PATHS = "$(inherited) @executable_path/Frameworks";
				PRODUCT_BUNDLE_IDENTIFIER = com.zhanghaiyong;
				PRODUCT_NAME = "$(TARGET_NAME)";
				SWIFT_OBJC_BRIDGING_HEADER = GoodBook/bridging.h;
				SWIFT_VERSION = 3.0;
			};
			name = Release;
		};
/* End XCBuildConfiguration section */

/* Begin XCConfigurationList section */
		99DCD8BB1E8396DE0092B064 /* Build configuration list for PBXProject "GoodBook" */ = {
			isa = XCConfigurationList;
			buildConfigurations = (
				99DCD8D01E8396DE0092B064 /* Debug */,
				99DCD8D11E8396DE0092B064 /* Release */,
			);
			defaultConfigurationIsVisible = 0;
			defaultConfigurationName = Release;
		};
		99DCD8D21E8396DE0092B064 /* Build configuration list for PBXNativeTarget "GoodBook" */ = {
			isa = XCConfigurationList;
			buildConfigurations = (
				99DCD8D31E8396DE0092B064 /* Debug */,
				99DCD8D41E8396DE0092B064 /* Release */,
			);
			defaultConfigurationIsVisible = 0;
			defaultConfigurationName = Release;
		};
/* End XCConfigurationList section */
	};
	rootObject = 99DCD8B81E8396DE0092B064 /* Project object */;
}
