// !$*UTF8*$!
{
	archiveVersion = 1;
	classes = {
	};
	objectVersion = 46;
	objects = {

/* Begin PBXBuildFile section */
		99DCD8C41E8396DE0092B064 /* AppDelegate.swift in Sources */ = {isa = PBXBuildFile; fileRef = 99DCD8C31E8396DE0092B064 /* AppDelegate.swift */; };
		99DCD8C61E8396DE0092B064 /* ViewController.swift in Sources */ = {isa = PBXBuildFile; fileRef = 99DCD8C51E8396DE0092B064 /* ViewController.swift */; };
		99DCD8C91E8396DE0092B064 /* Main.storyboard in Resources */ = {isa = PBXBuildFile; fileRef = 99DCD8C71E8396DE0092B064 /* Main.storyboard */; };
		99DCD8CB1E8396DE0092B064 /* Assets.xcassets in Resources */ = {isa = PBXBuildFile; fileRef = 99DCD8CA1E8396DE0092B064 /* Assets.xcassets */; };
		99DCD8CE1E8396DE0092B064 /* LaunchScreen.storyboard in Resources */ = {isa = PBXBuildFile; fileRef = 99DCD8CC1E8396DE0092B064 /* LaunchScreen.storyboard */; };
/* End PBXBuildFile section */

/* Begin PBXFileReference section */
		99DCD8C01E8396DE0092B064 /* GoodBook.app */ = {isa = PBXFileReference; explicitFileType = wrapper.application; includeInIndex = 0; path = GoodBook.app; sourceTree = BUILT_PRODUCTS_DIR; };
		99DCD8C31E8396DE0092B064 /* AppDelegate.swift */ = {isa = PBXFileReference; lastKnownFileType = sourcecode.swift; path = AppDelegate.swift; sourceTree = "<group>"; };
		99DCD8C51E8396DE0092B064 /* ViewController.swift */ = {isa = PBXFileReference; lastKnownFileType = sourcecode.swift; path = ViewController.swift; sourceTree = "<group>"; };
		99DCD8C81E8396DE0092B064 /* Base */ = {isa = PBXFileReference; lastKnownFileType = file.storyboard; name = Base; path = Base.lproj/Main.storyboard; sourceTree = "<group>"; };
		99DCD8CA1E8396DE0092B064 /* Assets.xcassets */ = {isa = PBXFileReference; lastKnownFileType = folder.assetcatalog; path = Assets.xcassets; sourceTree = "<group>"; };
		99DCD8CD1E8396DE0092B064 /* Base */ = {isa = PBXFileReference; lastKnownFileType = file.storyboard; name = Base; path = Base.lproj/LaunchScreen.storyboard; sourceTree = "<group>"; };
		99DCD8CF1E8396DE0092B064 /* Info.plist */ = {isa = PBXFileReference; lastKnownFileType = text.plist.xml; path = Info.plist; sourceTree = "<group>"; };
/* End PBXFileReference section */

/* Begin PBXFrameworksBuildPhase section */
		99DCD8BD1E8396DE0092B064 /* Frameworks */ = {
			isa = PBXFrameworksBuildPhase;
			buildActionMask = 2147483647;
			files = (
			);
			runOnlyForDeploymentPostprocessing = 0;
		};
/* End PBXFrameworksBuildPhase section */

/* Begin PBXGroup section */
		99DCD8B71E8396DE0092B064 = {
			isa = PBXGroup;
			children = (
				99DCD8C21E8396DE0092B064 /* GoodBook */,
				99DCD8C11E8396DE0092B064 /* Products */,
			);
			sourceTree = "<group>";
		};
		99DCD8C11E8396DE0092B064 /* Products */ = {
			isa = PBXGroup;
			children = (
				99DCD8C01E8396DE0092B064 /* GoodBook.app */,
			);
			name = Products;
			sourceTree = "<group>";
		};
		99DCD8C21E8396DE0092B064 /* GoodBook */ = {
			isa = PBXGroup;
			children = (
				99DCD8C31E8396DE0092B064 /* AppDelegate.swift */,
				99DCD8C51E8396DE0092B064 /* ViewController.swift */,
				99DCD8C71E8396DE0092B064 /* Main.storyboard */,
				99DCD8CA1E8396DE0092B064 /* Assets.xcassets */,
				99DCD8CC1E8396DE0092B064 /* LaunchScreen.storyboard */,
				99DCD8CF1E8396DE0092B064 /* Info.plist */,
			);
			path = GoodBook;
			sourceTree = "<group>";
		};
/* End PBXGroup section */

/* Begin PBXNativeTarget section */
		99DCD8BF1E8396DE0092B064 /* GoodBook */ = {
			isa = PBXNativeTarget;
			buildConfigurationList = 99DCD8D21E8396DE0092B064 /* Build configuration list for PBXNativeTarget "GoodBook" */;
			buildPhases = (
				99DCD8BC1E8396DE0092B064 /* Sources */,
				99DCD8BD1E8396DE0092B064 /* Frameworks */,
				99DCD8BE1E8396DE0092B064 /* Resources */,
			);
			buildRules = (
			);
			dependencies = (
			);
			name = GoodBook;
			productName = GoodBook;
			productReference = 99DCD8C01E8396DE0092B064 /* GoodBook.app */;
			productType = "com.apple.product-type.application";
		};
/* End PBXNativeTarget section */

/* Begin PBXProject section */
		99DCD8B81E8396DE0092B064 /* Project object */ = {
			isa = PBXProject;
			attributes = {
				LastSwiftUpdateCheck = 0820;
				LastUpgradeCheck = 0820;
				ORGANIZATIONNAME = zhanghaiyong;
				TargetAttributes = {
					99DCD8BF1E8396DE0092B064 = {
						CreatedOnToolsVersion = 8.2.1;
						DevelopmentTeam = AKEZGLTY8R;
						ProvisioningStyle = Automatic;
					};
				};
			};
			buildConfigurationList = 99DCD8BB1E8396DE0092B064 /* Build configuration list for PBXProject "GoodBook" */;
			compatibilityVersion = "Xcode 3.2";
			developmentRegion = English;
			hasScannedForEncodings = 0;
			knownRegions = (
				en,
				Base,
			);
			mainGroup = 99DCD8B71E8396DE0092B064;
			productRefGroup = 99DCD8C11E8396DE0092B064 /* Products */;
			projectDirPath = "";
			projectRoot = "";
			targets = (
				99DCD8BF1E8396DE0092B064 /* GoodBook */,
			);
		};
/* End PBXProject section */

/* Begin PBXResourcesBuildPhase section */
		99DCD8BE1E8396DE0092B064 /* Resources */ = {
			isa = PBXResourcesBuildPhase;
			buildActionMask = 2147483647;
			files = (
				99DCD8CE1E8396DE0092B064 /* LaunchScreen.storyboard in Resources */,
				99DCD8CB1E8396DE0092B064 /* Assets.xcassets in Resources */,
				99DCD8C91E8396DE0092B064 /* Main.storyboard in Resources */,
			);
			runOnlyForDeploymentPostprocessing = 0;
		};
/* End PBXResourcesBuildPhase section */

/* Begin PBXSourcesBuildPhase section */
		99DCD8BC1E8396DE0092B064 /* Sources */ = {
			isa = PBXSourcesBuildPhase;
			buildActionMask = 2147483647;
			files = (
				99DCD8C61E8396DE0092B064 /* ViewController.swift in Sources */,
				99DCD8C41E8396DE0092B064 /* AppDelegate.swift in Sources */,
			);
			runOnlyForDeploymentPostprocessing = 0;
		};
/* End PBXSourcesBuildPhase section */

/* Begin PBXVariantGroup section */
		99DCD8C71E8396DE0092B064 /* Main.storyboard */ = {
			isa = PBXVariantGroup;
			children = (
				99DCD8C81E8396DE0092B064 /* Base */,
			);
			name = Main.storyboard;
			sourceTree = "<group>";
		};
		99DCD8CC1E8396DE0092B064 /* LaunchScreen.storyboard */ = {
			isa = PBXVariantGroup;
			children = (
				99DCD8CD1E8396DE0092B064 /* Base */,
			);
			name = LaunchScreen.storyboard;
			sourceTree = "<group>";
		};
/* End PBXVariantGroup section */

/* Begin XCBuildConfiguration section */
		99DCD8D01E8396DE0092B064 /* Debug */ = {
			isa = XCBuildConfiguration;
			buildSettings = {
				ALWAYS_SEARCH_USER_PATHS = NO;
				CLANG_ANALYZER_NONNULL = YES;
				CLANG_CXX_LANGUAGE_STANDARD = "gnu++0x";
				CLANG_CXX_LIBRARY = "libc++";
				CLANG_ENABLE_MODULES = YES;
				CLANG_ENABLE_OBJC_ARC = YES;
				CLANG_WARN_BOOL_CONVERSION = YES;
				CLANG_WARN_CONSTANT_CONVERSION = YES;
				CLANG_WARN_DIRECT_OBJC_ISA_USAGE = YES_ERROR;
				CLANG_WARN_DOCUMENTATION_COMMENTS = YES;
				CLANG_WARN_EMPTY_BODY = YES;
				CLANG_WARN_ENUM_CONVERSION = YES;
				CLANG_WARN_INFINITE_RECURSION = YES;
				CLANG_WARN_INT_CONVERSION = YES;
				CLANG_WARN_OBJC_ROOT_CLASS = YES_ERROR;
				CLANG_WARN_SUSPICIOUS_MOVE = YES;
				CLANG_WARN_UNREACHABLE_CODE = YES;
				CLANG_WARN__DUPLICATE_METHOD_MATCH = YES;
				"CODE_SIGN_IDENTITY[sdk=iphoneos*]" = "iPhone Developer";
				COPY_PHASE_STRIP = NO;
				DEBUG_INFORMATION_FORMAT = dwarf;
				ENABLE_STRICT_OBJC_MSGSEND = YES;
				ENABLE_TESTABILITY = YES;
				GCC_C_LANGUAGE_STANDARD = gnu99;
				GCC_DYNAMIC_NO_PIC = NO;
				GCC_NO_COMMON_BLOCKS = YES;
				GCC_OPTIMIZATION_LEVEL = 0;
				GCC_PREPROCESSOR_DEFINITIONS = (
					"DEBUG=1",
					"$(inherited)",
				);
				GCC_WARN_64_TO_32_BIT_CONVERSION = YES;
				GCC_WARN_ABOUT_RETURN_TYPE = YES_ERROR;
				GCC_WARN_UNDECLARED_SELECTOR = YES;
				GCC_WARN_UNINITIALIZED_AUTOS = YES_AGGRESSIVE;
				GCC_WARN_UNUSED_FUNCTION = YES;
				GCC_WARN_UNUSED_VARIABLE = YES;
				IPHONEOS_DEPLOYMENT_TARGET = 10.2;
				MTL_ENABLE_DEBUG_INFO = YES;
				ONLY_ACTIVE_ARCH = YES;
				SDKROOT = iphoneos;
				SWIFT_ACTIVE_COMPILATION_CONDITIONS = DEBUG;
				SWIFT_OPTIMIZATION_LEVEL = "-Onone";
			};
			name = Debug;
		};
		99DCD8D11E8396DE0092B064 /* Release */ = {
			isa = XCBuildConfiguration;
			buildSettings = {
				ALWAYS_SEARCH_USER_PATHS = NO;
				CLANG_ANALYZER_NONNULL = YES;
				CLANG_CXX_LANGUAGE_STANDARD = "gnu++0x";
				CLANG_CXX_LIBRARY = "libc++";
				CLANG_ENABLE_MODULES = YES;
				CLANG_ENABLE_OBJC_ARC = YES;
				CLANG_WARN_BOOL_CONVERSION = YES;
				CLANG_WARN_CONSTANT_CONVERSION = YES;
				CLANG_WARN_DIRECT_OBJC_ISA_USAGE = YES_ERROR;
				CLANG_WARN_DOCUMENTATION_COMMENTS = YES;
				CLANG_WARN_EMPTY_BODY = YES;
				CLANG_WARN_ENUM_CONVERSION = YES;
				CLANG_WARN_INFINITE_RECURSION = YES;
				CLANG_WARN_INT_CONVERSION = YES;
				CLANG_WARN_OBJC_ROOT_CLASS = YES_ERROR;
				CLANG_WARN_SUSPICIOUS_MOVE = YES;
				CLANG_WARN_UNREACHABLE_CODE = YES;
				CLANG_WARN__DUPLICATE_METHOD_MATCH = YES;
				"CODE_SIGN_IDENTITY[sdk=iphoneos*]" = "iPhone Developer";
				COPY_PHASE_STRIP = NO;
				DEBUG_INFORMATION_FORMAT = "dwarf-with-dsym";
				ENABLE_NS_ASSERTIONS = NO;
				ENABLE_STRICT_OBJC_MSGSEND = YES;
				GCC_C_LANGUAGE_STANDARD = gnu99;
				GCC_NO_COMMON_BLOCKS = YES;
				GCC_WARN_64_TO_32_BIT_CONVERSION = YES;
				GCC_WARN_ABOUT_RETURN_TYPE = YES_ERROR;
				GCC_WARN_UNDECLARED_SELECTOR = YES;
				GCC_WARN_UNINITIALIZED_AUTOS = YES_AGGRESSIVE;
				GCC_WARN_UNUSED_FUNCTION = YES;
				GCC_WARN_UNUSED_VARIABLE = YES;
				IPHONEOS_DEPLOYMENT_TARGET = 10.2;
				MTL_ENABLE_DEBUG_INFO = NO;
				SDKROOT = iphoneos;
				SWIFT_OPTIMIZATION_LEVEL = "-Owholemodule";
				VALIDATE_PRODUCT = YES;
			};
			name = Release;
		};
		99DCD8D31E8396DE0092B064 /* Debug */ = {
			isa = XCBuildConfiguration;
			buildSettings = {
				ASSETCATALOG_COMPILER_APPICON_NAME = AppIcon;
				DEVELOPMENT_TEAM = AKEZGLTY8R;
				INFOPLIST_FILE = GoodBook/Info.plist;
				LD_RUNPATH_SEARCH_PATHS = "$(inherited) @executable_path/Frameworks";
				PRODUCT_BUNDLE_IDENTIFIER = com.zhanghaiyong.GoodBook;
				PRODUCT_NAME = "$(TARGET_NAME)";
				SWIFT_VERSION = 3.0;
			};
			name = Debug;
		};
		99DCD8D41E8396DE0092B064 /* Release */ = {
			isa = XCBuildConfiguration;
			buildSettings = {
				ASSETCATALOG_COMPILER_APPICON_NAME = AppIcon;
				DEVELOPMENT_TEAM = AKEZGLTY8R;
				INFOPLIST_FILE = GoodBook/Info.plist;
				LD_RUNPATH_SEARCH_PATHS = "$(inherited) @executable_path/Frameworks";
				PRODUCT_BUNDLE_IDENTIFIER = com.zhanghaiyong.GoodBook;
				PRODUCT_NAME = "$(TARGET_NAME)";
				SWIFT_VERSION = 3.0;
			};
			name = Release;
		};
/* End XCBuildConfiguration section */

/* Begin XCConfigurationList section */
		99DCD8BB1E8396DE0092B064 /* Build configuration list for PBXProject "GoodBook" */ = {
			isa = XCConfigurationList;
			buildConfigurations = (
				99DCD8D01E8396DE0092B064 /* Debug */,
				99DCD8D11E8396DE0092B064 /* Release */,
			);
			defaultConfigurationIsVisible = 0;
			defaultConfigurationName = Release;
		};
		99DCD8D21E8396DE0092B064 /* Build configuration list for PBXNativeTarget "GoodBook" */ = {
			isa = XCConfigurationList;
			buildConfigurations = (
				99DCD8D31E8396DE0092B064 /* Debug */,
				99DCD8D41E8396DE0092B064 /* Release */,
			);
			defaultConfigurationIsVisible = 0;
		};
/* End XCConfigurationList section */
	};
	rootObject = 99DCD8B81E8396DE0092B064 /* Project object */;
}
